
Microsoft Visual Studio Solution File, Format Version 11.00
# Visual Studio 2010
Project("{8BC9CEB8-8B4A-11D0-8D11-00A0C91BC942}") = "3d", "3d.vcxproj", "{9E536A79-C9F6-431B-89DA-42579F7428FB}"
EndProject
Project("{8BC9CEB8-8B4A-11D0-8D11-00A0C91BC942}") = "asyncio", "asyncio.vcxproj", "{6EE88A8B-01A4-475C-B077-210FEDBCED84}"
EndProject
Project("{8BC9CEB8-8B4A-11D0-8D11-00A0C91BC942}") = "channel_groups", "channel_groups.vcxproj", "{D0F54ADC-CB13-4AF0-BC0E-70C7FFD31871}"
EndProject
Project("{8BC9CEB8-8B4A-11D0-8D11-00A0C91BC942}") = "convolution_reverb", "convolution_reverb.vcxproj", "{E5722824-28B5-4697-BEC1-E3116D18A577}"
EndProject
Project("{8BC9CEB8-8B4A-11D0-8D11-00A0C91BC942}") = "dsp_custom", "dsp_custom.vcxproj", "{1F979031-F0BD-4B58-95EB-38983604563C}"
EndProject
Project("{8BC9CEB8-8B4A-11D0-8D11-00A0C91BC942}") = "dsp_effect_per_speaker", "dsp_effect_per_speaker.vcxproj", "{430E4A4C-2201-4AD1-8E47-139C561668CD}"
EndProject
Project("{8BC9CEB8-8B4A-11D0-8D11-00A0C91BC942}") = "dsp_inspector", "dsp_inspector.vcxproj", "{D68588CF-2802-4AF9-8794-AAEE46AD1373}"
EndProject
Project("{8BC9CEB8-8B4A-11D0-8D11-00A0C91BC942}") = "effects", "effects.vcxproj", "{C2C978FE-479F-4372-8D13-3FFF9F7A3C71}"
EndProject
Project("{8BC9CEB8-8B4A-11D0-8D11-00A0C91BC942}") = "gapless_playback", "gapless_playback.vcxproj", "{9CA77A0F-6B46-4C4E-885C-C4885DCCFDF9}"
EndProject
Project("{8BC9CEB8-8B4A-11D0-8D11-00A0C91BC942}") = "generate_tone", "generate_tone.vcxproj", "{EB78A5C7-4232-448B-8E2A-5289A59FA962}"
EndProject
Project("{8BC9CEB8-8B4A-11D0-8D11-00A0C91BC942}") = "granular_synth", "granular_synth.vcxproj", "{F1EC2C36-7DB0-4E0B-A0D6-DEA234444F63}"
EndProject
Project("{8BC9CEB8-8B4A-11D0-8D11-00A0C91BC942}") = "load_from_memory", "load_from_memory.vcxproj", "{8721A3BB-7405-48A4-B089-767C15C5A30C}"
EndProject
Project("{8BC9CEB8-8B4A-11D0-8D11-00A0C91BC942}") = "multiple_speaker", "multiple_speaker.vcxproj", "{1D823B0C-02F7-4AB2-B524-94C63B65E282}"
EndProject
Project("{8BC9CEB8-8B4A-11D0-8D11-00A0C91BC942}") = "multiple_system", "multiple_system.vcxproj", "{0B5275E9-D4F1-4767-BBC9-469DA7A3DD9F}"
EndProject
Project("{8BC9CEB8-8B4A-11D0-8D11-00A0C91BC942}") = "net_stream", "net_stream.vcxproj", "{885DDB63-2457-4390-A435-B4CD5A2B1C05}"
EndProject
Project("{8BC9CEB8-8B4A-11D0-8D11-00A0C91BC942}") = "play_sound", "play_sound.vcxproj", "{FFC532D7-E058-4C5E-82CB-B83A9E8FE17C}"
EndProject
Project("{8BC9CEB8-8B4A-11D0-8D11-00A0C91BC942}") = "play_stream", "play_stream.vcxproj", "{B530956F-85AF-4B2C-A6D8-AA7E82D16CF9}"
EndProject
Project("{8BC9CEB8-8B4A-11D0-8D11-00A0C91BC942}") = "record", "record.vcxproj", "{7EF073C7-B3E8-41DD-9F2C-AAA2EC52ACBF}"
EndProject
Project("{8BC9CEB8-8B4A-11D0-8D11-00A0C91BC942}") = "record_enumeration", "record_enumeration.vcxproj", "{74A5EE68-9FDA-421A-BC44-8A55B83FB83D}"
EndProject
Project("{8BC9CEB8-8B4A-11D0-8D11-00A0C91BC942}") = "user_created_sound", "user_created_sound.vcxproj", "{56C779BE-5EEB-49DA-BE40-7E7190C8CE65}"
EndProject
Project("{8BC9CEB8-8B4A-11D0-8D11-00A0C91BC942}") = "fmod_codec_raw", "fmod_codec_raw.vcxproj", "{42F75A05-8A0E-42C4-9B98-0733932DD43A}"
EndProject
Project("{8BC9CEB8-8B4A-11D0-8D11-00A0C91BC942}") = "fmod_distance_filter", "fmod_distance_filter.vcxproj", "{131BD053-500E-48A3-89FA-E6B7717CBD99}"
EndProject
Project("{8BC9CEB8-8B4A-11D0-8D11-00A0C91BC942}") = "fmod_gain", "fmod_gain.vcxproj", "{31057688-2F01-4184-A1C2-3CD7F62864D2}"
EndProject
Project("{8BC9CEB8-8B4A-11D0-8D11-00A0C91BC942}") = "fmod_noise", "fmod_noise.vcxproj", "{7EF91781-A99B-418E-9206-136736175176}"
EndProject
Project("{8BC9CEB8-8B4A-11D0-8D11-00A0C91BC942}") = "output_mp3", "output_mp3.vcxproj", "{37968B7D-1D88-462A-95A5-8B0F6A8957BF}"
EndProject
Global
	GlobalSection(SolutionConfigurationPlatforms) = preSolution
		Debug|Win32 = Debug|Win32
		Debug|x64 = Debug|x64
		Release|Win32 = Release|Win32
		Release|x64 = Release|x64
	EndGlobalSection
	GlobalSection(ProjectConfigurationPlatforms) = postSolution
		{9E536A79-C9F6-431B-89DA-42579F7428FB}.Debug|Win32.ActiveCfg = Debug|Win32
		{9E536A79-C9F6-431B-89DA-42579F7428FB}.Debug|Win32.Build.0 = Debug|Win32
		{9E536A79-C9F6-431B-89DA-42579F7428FB}.Debug|Win32.Deploy.0 = Debug|Win32
		{9E536A79-C9F6-431B-89DA-42579F7428FB}.Debug|x64.ActiveCfg = Debug|x64
		{9E536A79-C9F6-431B-89DA-42579F7428FB}.Debug|x64.Build.0 = Debug|x64
		{9E536A79-C9F6-431B-89DA-42579F7428FB}.Debug|x64.Deploy.0 = Debug|x64
		{9E536A79-C9F6-431B-89DA-42579F7428FB}.Release|Win32.ActiveCfg = Release|Win32
		{9E536A79-C9F6-431B-89DA-42579F7428FB}.Release|Win32.Build.0 = Release|Win32
		{9E536A79-C9F6-431B-89DA-42579F7428FB}.Release|Win32.Deploy.0 = Release|Win32
		{9E536A79-C9F6-431B-89DA-42579F7428FB}.Release|x64.ActiveCfg = Release|x64
		{9E536A79-C9F6-431B-89DA-42579F7428FB}.Release|x64.Build.0 = Release|x64
		{9E536A79-C9F6-431B-89DA-42579F7428FB}.Release|x64.Deploy.0 = Release|x64
		{6EE88A8B-01A4-475C-B077-210FEDBCED84}.Debug|Win32.ActiveCfg = Debug|Win32
		{6EE88A8B-01A4-475C-B077-210FEDBCED84}.Debug|Win32.Build.0 = Debug|Win32
		{6EE88A8B-01A4-475C-B077-210FEDBCED84}.Debug|Win32.Deploy.0 = Debug|Win32
		{6EE88A8B-01A4-475C-B077-210FEDBCED84}.Debug|x64.ActiveCfg = Debug|x64
		{6EE88A8B-01A4-475C-B077-210FEDBCED84}.Debug|x64.Build.0 = Debug|x64
		{6EE88A8B-01A4-475C-B077-210FEDBCED84}.Debug|x64.Deploy.0 = Debug|x64
		{6EE88A8B-01A4-475C-B077-210FEDBCED84}.Release|Win32.ActiveCfg = Release|Win32
		{6EE88A8B-01A4-475C-B077-210FEDBCED84}.Release|Win32.Build.0 = Release|Win32
		{6EE88A8B-01A4-475C-B077-210FEDBCED84}.Release|Win32.Deploy.0 = Release|Win32
		{6EE88A8B-01A4-475C-B077-210FEDBCED84}.Release|x64.ActiveCfg = Release|x64
		{6EE88A8B-01A4-475C-B077-210FEDBCED84}.Release|x64.Build.0 = Release|x64
		{6EE88A8B-01A4-475C-B077-210FEDBCED84}.Release|x64.Deploy.0 = Release|x64
		{D0F54ADC-CB13-4AF0-BC0E-70C7FFD31871}.Debug|Win32.ActiveCfg = Debug|Win32
		{D0F54ADC-CB13-4AF0-BC0E-70C7FFD31871}.Debug|Win32.Build.0 = Debug|Win32
		{D0F54ADC-CB13-4AF0-BC0E-70C7FFD31871}.Debug|Win32.Deploy.0 = Debug|Win32
		{D0F54ADC-CB13-4AF0-BC0E-70C7FFD31871}.Debug|x64.ActiveCfg = Debug|x64
		{D0F54ADC-CB13-4AF0-BC0E-70C7FFD31871}.Debug|x64.Build.0 = Debug|x64
		{D0F54ADC-CB13-4AF0-BC0E-70C7FFD31871}.Debug|x64.Deploy.0 = Debug|x64
		{D0F54ADC-CB13-4AF0-BC0E-70C7FFD31871}.Release|Win32.ActiveCfg = Release|Win32
		{D0F54ADC-CB13-4AF0-BC0E-70C7FFD31871}.Release|Win32.Build.0 = Release|Win32
		{D0F54ADC-CB13-4AF0-BC0E-70C7FFD31871}.Release|Win32.Deploy.0 = Release|Win32
		{D0F54ADC-CB13-4AF0-BC0E-70C7FFD31871}.Release|x64.ActiveCfg = Release|x64
		{D0F54ADC-CB13-4AF0-BC0E-70C7FFD31871}.Release|x64.Build.0 = Release|x64
		{D0F54ADC-CB13-4AF0-BC0E-70C7FFD31871}.Release|x64.Deploy.0 = Release|x64
		{E5722824-28B5-4697-BEC1-E3116D18A577}.Debug|Win32.ActiveCfg = Debug|Win32
		{E5722824-28B5-4697-BEC1-E3116D18A577}.Debug|Win32.Build.0 = Debug|Win32
		{E5722824-28B5-4697-BEC1-E3116D18A577}.Debug|Win32.Deploy.0 = Debug|Win32
		{E5722824-28B5-4697-BEC1-E3116D18A577}.Debug|x64.ActiveCfg = Debug|x64
		{E5722824-28B5-4697-BEC1-E3116D18A577}.Debug|x64.Build.0 = Debug|x64
		{E5722824-28B5-4697-BEC1-E3116D18A577}.Debug|x64.Deploy.0 = Debug|x64
		{E5722824-28B5-4697-BEC1-E3116D18A577}.Release|Win32.ActiveCfg = Release|Win32
		{E5722824-28B5-4697-BEC1-E3116D18A577}.Release|Win32.Build.0 = Release|Win32
		{E5722824-28B5-4697-BEC1-E3116D18A577}.Release|Win32.Deploy.0 = Release|Win32
		{E5722824-28B5-4697-BEC1-E3116D18A577}.Release|x64.ActiveCfg = Release|x64
		{E5722824-28B5-4697-BEC1-E3116D18A577}.Release|x64.Build.0 = Release|x64
		{E5722824-28B5-4697-BEC1-E3116D18A577}.Release|x64.Deploy.0 = Release|x64
		{1F979031-F0BD-4B58-95EB-38983604563C}.Debug|Win32.ActiveCfg = Debug|Win32
		{1F979031-F0BD-4B58-95EB-38983604563C}.Debug|Win32.Build.0 = Debug|Win32
		{1F979031-F0BD-4B58-95EB-38983604563C}.Debug|Win32.Deploy.0 = Debug|Win32
		{1F979031-F0BD-4B58-95EB-38983604563C}.Debug|x64.ActiveCfg = Debug|x64
		{1F979031-F0BD-4B58-95EB-38983604563C}.Debug|x64.Build.0 = Debug|x64
		{1F979031-F0BD-4B58-95EB-38983604563C}.Debug|x64.Deploy.0 = Debug|x64
		{1F979031-F0BD-4B58-95EB-38983604563C}.Release|Win32.ActiveCfg = Release|Win32
		{1F979031-F0BD-4B58-95EB-38983604563C}.Release|Win32.Build.0 = Release|Win32
		{1F979031-F0BD-4B58-95EB-38983604563C}.Release|Win32.Deploy.0 = Release|Win32
		{1F979031-F0BD-4B58-95EB-38983604563C}.Release|x64.ActiveCfg = Release|x64
		{1F979031-F0BD-4B58-95EB-38983604563C}.Release|x64.Build.0 = Release|x64
		{1F979031-F0BD-4B58-95EB-38983604563C}.Release|x64.Deploy.0 = Release|x64
		{430E4A4C-2201-4AD1-8E47-139C561668CD}.Debug|Win32.ActiveCfg = Debug|Win32
		{430E4A4C-2201-4AD1-8E47-139C561668CD}.Debug|Win32.Build.0 = Debug|Win32
		{430E4A4C-2201-4AD1-8E47-139C561668CD}.Debug|Win32.Deploy.0 = Debug|Win32
		{430E4A4C-2201-4AD1-8E47-139C561668CD}.Debug|x64.ActiveCfg = Debug|x64
		{430E4A4C-2201-4AD1-8E47-139C561668CD}.Debug|x64.Build.0 = Debug|x64
		{430E4A4C-2201-4AD1-8E47-139C561668CD}.Debug|x64.Deploy.0 = Debug|x64
		{430E4A4C-2201-4AD1-8E47-139C561668CD}.Release|Win32.ActiveCfg = Release|Win32
		{430E4A4C-2201-4AD1-8E47-139C561668CD}.Release|Win32.Build.0 = Release|Win32
		{430E4A4C-2201-4AD1-8E47-139C561668CD}.Release|Win32.Deploy.0 = Release|Win32
		{430E4A4C-2201-4AD1-8E47-139C561668CD}.Release|x64.ActiveCfg = Release|x64
		{430E4A4C-2201-4AD1-8E47-139C561668CD}.Release|x64.Build.0 = Release|x64
		{430E4A4C-2201-4AD1-8E47-139C561668CD}.Release|x64.Deploy.0 = Release|x64
		{D68588CF-2802-4AF9-8794-AAEE46AD1373}.Debug|Win32.ActiveCfg = Debug|Win32
		{D68588CF-2802-4AF9-8794-AAEE46AD1373}.Debug|Win32.Build.0 = Debug|Win32
		{D68588CF-2802-4AF9-8794-AAEE46AD1373}.Debug|Win32.Deploy.0 = Debug|Win32
		{D68588CF-2802-4AF9-8794-AAEE46AD1373}.Debug|x64.ActiveCfg = Debug|x64
		{D68588CF-2802-4AF9-8794-AAEE46AD1373}.Debug|x64.Build.0 = Debug|x64
		{D68588CF-2802-4AF9-8794-AAEE46AD1373}.Debug|x64.Deploy.0 = Debug|x64
		{D68588CF-2802-4AF9-8794-AAEE46AD1373}.Release|Win32.ActiveCfg = Release|Win32
		{D68588CF-2802-4AF9-8794-AAEE46AD1373}.Release|Win32.Build.0 = Release|Win32
		{D68588CF-2802-4AF9-8794-AAEE46AD1373}.Release|Win32.Deploy.0 = Release|Win32
		{D68588CF-2802-4AF9-8794-AAEE46AD1373}.Release|x64.ActiveCfg = Release|x64
		{D68588CF-2802-4AF9-8794-AAEE46AD1373}.Release|x64.Build.0 = Release|x64
		{D68588CF-2802-4AF9-8794-AAEE46AD1373}.Release|x64.Deploy.0 = Release|x64
		{C2C978FE-479F-4372-8D13-3FFF9F7A3C71}.Debug|Win32.ActiveCfg = Debug|Win32
		{C2C978FE-479F-4372-8D13-3FFF9F7A3C71}.Debug|Win32.Build.0 = Debug|Win32
		{C2C978FE-479F-4372-8D13-3FFF9F7A3C71}.Debug|Win32.Deploy.0 = Debug|Win32
		{C2C978FE-479F-4372-8D13-3FFF9F7A3C71}.Debug|x64.ActiveCfg = Debug|x64
		{C2C978FE-479F-4372-8D13-3FFF9F7A3C71}.Debug|x64.Build.0 = Debug|x64
		{C2C978FE-479F-4372-8D13-3FFF9F7A3C71}.Debug|x64.Deploy.0 = Debug|x64
		{C2C978FE-479F-4372-8D13-3FFF9F7A3C71}.Release|Win32.ActiveCfg = Release|Win32
		{C2C978FE-479F-4372-8D13-3FFF9F7A3C71}.Release|Win32.Build.0 = Release|Win32
		{C2C978FE-479F-4372-8D13-3FFF9F7A3C71}.Release|Win32.Deploy.0 = Release|Win32
		{C2C978FE-479F-4372-8D13-3FFF9F7A3C71}.Release|x64.ActiveCfg = Release|x64
		{C2C978FE-479F-4372-8D13-3FFF9F7A3C71}.Release|x64.Build.0 = Release|x64
		{C2C978FE-479F-4372-8D13-3FFF9F7A3C71}.Release|x64.Deploy.0 = Release|x64
		{9CA77A0F-6B46-4C4E-885C-C4885DCCFDF9}.Debug|Win32.ActiveCfg = Debug|Win32
		{9CA77A0F-6B46-4C4E-885C-C4885DCCFDF9}.Debug|Win32.Build.0 = Debug|Win32
		{9CA77A0F-6B46-4C4E-885C-C4885DCCFDF9}.Debug|Win32.Deploy.0 = Debug|Win32
		{9CA77A0F-6B46-4C4E-885C-C4885DCCFDF9}.Debug|x64.ActiveCfg = Debug|x64
		{9CA77A0F-6B46-4C4E-885C-C4885DCCFDF9}.Debug|x64.Build.0 = Debug|x64
		{9CA77A0F-6B46-4C4E-885C-C4885DCCFDF9}.Debug|x64.Deploy.0 = Debug|x64
		{9CA77A0F-6B46-4C4E-885C-C4885DCCFDF9}.Release|Win32.ActiveCfg = Release|Win32
		{9CA77A0F-6B46-4C4E-885C-C4885DCCFDF9}.Release|Win32.Build.0 = Release|Win32
		{9CA77A0F-6B46-4C4E-885C-C4885DCCFDF9}.Release|Win32.Deploy.0 = Release|Win32
		{9CA77A0F-6B46-4C4E-885C-C4885DCCFDF9}.Release|x64.ActiveCfg = Release|x64
		{9CA77A0F-6B46-4C4E-885C-C4885DCCFDF9}.Release|x64.Build.0 = Release|x64
		{9CA77A0F-6B46-4C4E-885C-C4885DCCFDF9}.Release|x64.Deploy.0 = Release|x64
		{EB78A5C7-4232-448B-8E2A-5289A59FA962}.Debug|Win32.ActiveCfg = Debug|Win32
		{EB78A5C7-4232-448B-8E2A-5289A59FA962}.Debug|Win32.Build.0 = Debug|Win32
		{EB78A5C7-4232-448B-8E2A-5289A59FA962}.Debug|Win32.Deploy.0 = Debug|Win32
		{EB78A5C7-4232-448B-8E2A-5289A59FA962}.Debug|x64.ActiveCfg = Debug|x64
		{EB78A5C7-4232-448B-8E2A-5289A59FA962}.Debug|x64.Build.0 = Debug|x64
		{EB78A5C7-4232-448B-8E2A-5289A59FA962}.Debug|x64.Deploy.0 = Debug|x64
		{EB78A5C7-4232-448B-8E2A-5289A59FA962}.Release|Win32.ActiveCfg = Release|Win32
		{EB78A5C7-4232-448B-8E2A-5289A59FA962}.Release|Win32.Build.0 = Release|Win32
		{EB78A5C7-4232-448B-8E2A-5289A59FA962}.Release|Win32.Deploy.0 = Release|Win32
		{EB78A5C7-4232-448B-8E2A-5289A59FA962}.Release|x64.ActiveCfg = Release|x64
		{EB78A5C7-4232-448B-8E2A-5289A59FA962}.Release|x64.Build.0 = Release|x64
		{EB78A5C7-4232-448B-8E2A-5289A59FA962}.Release|x64.Deploy.0 = Release|x64
		{F1EC2C36-7DB0-4E0B-A0D6-DEA234444F63}.Debug|Win32.ActiveCfg = Debug|Win32
		{F1EC2C36-7DB0-4E0B-A0D6-DEA234444F63}.Debug|Win32.Build.0 = Debug|Win32
		{F1EC2C36-7DB0-4E0B-A0D6-DEA234444F63}.Debug|Win32.Deploy.0 = Debug|Win32
		{F1EC2C36-7DB0-4E0B-A0D6-DEA234444F63}.Debug|x64.ActiveCfg = Debug|x64
		{F1EC2C36-7DB0-4E0B-A0D6-DEA234444F63}.Debug|x64.Build.0 = Debug|x64
		{F1EC2C36-7DB0-4E0B-A0D6-DEA234444F63}.Debug|x64.Deploy.0 = Debug|x64
		{F1EC2C36-7DB0-4E0B-A0D6-DEA234444F63}.Release|Win32.ActiveCfg = Release|Win32
		{F1EC2C36-7DB0-4E0B-A0D6-DEA234444F63}.Release|Win32.Build.0 = Release|Win32
		{F1EC2C36-7DB0-4E0B-A0D6-DEA234444F63}.Release|Win32.Deploy.0 = Release|Win32
		{F1EC2C36-7DB0-4E0B-A0D6-DEA234444F63}.Release|x64.ActiveCfg = Release|x64
		{F1EC2C36-7DB0-4E0B-A0D6-DEA234444F63}.Release|x64.Build.0 = Release|x64
		{F1EC2C36-7DB0-4E0B-A0D6-DEA234444F63}.Release|x64.Deploy.0 = Release|x64
		{8721A3BB-7405-48A4-B089-767C15C5A30C}.Debug|Win32.ActiveCfg = Debug|Win32
		{8721A3BB-7405-48A4-B089-767C15C5A30C}.Debug|Win32.Build.0 = Debug|Win32
		{8721A3BB-7405-48A4-B089-767C15C5A30C}.Debug|Win32.Deploy.0 = Debug|Win32
		{8721A3BB-7405-48A4-B089-767C15C5A30C}.Debug|x64.ActiveCfg = Debug|x64
		{8721A3BB-7405-48A4-B089-767C15C5A30C}.Debug|x64.Build.0 = Debug|x64
		{8721A3BB-7405-48A4-B089-767C15C5A30C}.Debug|x64.Deploy.0 = Debug|x64
		{8721A3BB-7405-48A4-B089-767C15C5A30C}.Release|Win32.ActiveCfg = Release|Win32
		{8721A3BB-7405-48A4-B089-767C15C5A30C}.Release|Win32.Build.0 = Release|Win32
		{8721A3BB-7405-48A4-B089-767C15C5A30C}.Release|Win32.Deploy.0 = Release|Win32
		{8721A3BB-7405-48A4-B089-767C15C5A30C}.Release|x64.ActiveCfg = Release|x64
		{8721A3BB-7405-48A4-B089-767C15C5A30C}.Release|x64.Build.0 = Release|x64
		{8721A3BB-7405-48A4-B089-767C15C5A30C}.Release|x64.Deploy.0 = Release|x64
		{1D823B0C-02F7-4AB2-B524-94C63B65E282}.Debug|Win32.ActiveCfg = Debug|Win32
		{1D823B0C-02F7-4AB2-B524-94C63B65E282}.Debug|Win32.Build.0 = Debug|Win32
		{1D823B0C-02F7-4AB2-B524-94C63B65E282}.Debug|Win32.Deploy.0 = Debug|Win32
		{1D823B0C-02F7-4AB2-B524-94C63B65E282}.Debug|x64.ActiveCfg = Debug|x64
		{1D823B0C-02F7-4AB2-B524-94C63B65E282}.Debug|x64.Build.0 = Debug|x64
		{1D823B0C-02F7-4AB2-B524-94C63B65E282}.Debug|x64.Deploy.0 = Debug|x64
		{1D823B0C-02F7-4AB2-B524-94C63B65E282}.Release|Win32.ActiveCfg = Release|Win32
		{1D823B0C-02F7-4AB2-B524-94C63B65E282}.Release|Win32.Build.0 = Release|Win32
		{1D823B0C-02F7-4AB2-B524-94C63B65E282}.Release|Win32.Deploy.0 = Release|Win32
		{1D823B0C-02F7-4AB2-B524-94C63B65E282}.Release|x64.ActiveCfg = Release|x64
		{1D823B0C-02F7-4AB2-B524-94C63B65E282}.Release|x64.Build.0 = Release|x64
		{1D823B0C-02F7-4AB2-B524-94C63B65E282}.Release|x64.Deploy.0 = Release|x64
		{0B5275E9-D4F1-4767-BBC9-469DA7A3DD9F}.Debug|Win32.ActiveCfg = Debug|Win32
		{0B5275E9-D4F1-4767-BBC9-469DA7A3DD9F}.Debug|Win32.Build.0 = Debug|Win32
		{0B5275E9-D4F1-4767-BBC9-469DA7A3DD9F}.Debug|Win32.Deploy.0 = Debug|Win32
		{0B5275E9-D4F1-4767-BBC9-469DA7A3DD9F}.Debug|x64.ActiveCfg = Debug|x64
		{0B5275E9-D4F1-4767-BBC9-469DA7A3DD9F}.Debug|x64.Build.0 = Debug|x64
		{0B5275E9-D4F1-4767-BBC9-469DA7A3DD9F}.Debug|x64.Deploy.0 = Debug|x64
		{0B5275E9-D4F1-4767-BBC9-469DA7A3DD9F}.Release|Win32.ActiveCfg = Release|Win32
		{0B5275E9-D4F1-4767-BBC9-469DA7A3DD9F}.Release|Win32.Build.0 = Release|Win32
		{0B5275E9-D4F1-4767-BBC9-469DA7A3DD9F}.Release|Win32.Deploy.0 = Release|Win32
		{0B5275E9-D4F1-4767-BBC9-469DA7A3DD9F}.Release|x64.ActiveCfg = Release|x64
		{0B5275E9-D4F1-4767-BBC9-469DA7A3DD9F}.Release|x64.Build.0 = Release|x64
		{0B5275E9-D4F1-4767-BBC9-469DA7A3DD9F}.Release|x64.Deploy.0 = Release|x64
		{885DDB63-2457-4390-A435-B4CD5A2B1C05}.Debug|Win32.ActiveCfg = Debug|Win32
		{885DDB63-2457-4390-A435-B4CD5A2B1C05}.Debug|Win32.Build.0 = Debug|Win32
		{885DDB63-2457-4390-A435-B4CD5A2B1C05}.Debug|Win32.Deploy.0 = Debug|Win32
		{885DDB63-2457-4390-A435-B4CD5A2B1C05}.Debug|x64.ActiveCfg = Debug|x64
		{885DDB63-2457-4390-A435-B4CD5A2B1C05}.Debug|x64.Build.0 = Debug|x64
		{885DDB63-2457-4390-A435-B4CD5A2B1C05}.Debug|x64.Deploy.0 = Debug|x64
		{885DDB63-2457-4390-A435-B4CD5A2B1C05}.Release|Win32.ActiveCfg = Release|Win32
		{885DDB63-2457-4390-A435-B4CD5A2B1C05}.Release|Win32.Build.0 = Release|Win32
		{885DDB63-2457-4390-A435-B4CD5A2B1C05}.Release|Win32.Deploy.0 = Release|Win32
		{885DDB63-2457-4390-A435-B4CD5A2B1C05}.Release|x64.ActiveCfg = Release|x64
		{885DDB63-2457-4390-A435-B4CD5A2B1C05}.Release|x64.Build.0 = Release|x64
		{885DDB63-2457-4390-A435-B4CD5A2B1C05}.Release|x64.Deploy.0 = Release|x64
		{FFC532D7-E058-4C5E-82CB-B83A9E8FE17C}.Debug|Win32.ActiveCfg = Debug|Win32
		{FFC532D7-E058-4C5E-82CB-B83A9E8FE17C}.Debug|Win32.Build.0 = Debug|Win32
		{FFC532D7-E058-4C5E-82CB-B83A9E8FE17C}.Debug|Win32.Deploy.0 = Debug|Win32
		{FFC532D7-E058-4C5E-82CB-B83A9E8FE17C}.Debug|x64.ActiveCfg = Debug|x64
		{FFC532D7-E058-4C5E-82CB-B83A9E8FE17C}.Debug|x64.Build.0 = Debug|x64
		{FFC532D7-E058-4C5E-82CB-B83A9E8FE17C}.Debug|x64.Deploy.0 = Debug|x64
		{FFC532D7-E058-4C5E-82CB-B83A9E8FE17C}.Release|Win32.ActiveCfg = Release|Win32
		{FFC532D7-E058-4C5E-82CB-B83A9E8FE17C}.Release|Win32.Build.0 = Release|Win32
		{FFC532D7-E058-4C5E-82CB-B83A9E8FE17C}.Release|Win32.Deploy.0 = Release|Win32
		{FFC532D7-E058-4C5E-82CB-B83A9E8FE17C}.Release|x64.ActiveCfg = Release|x64
		{FFC532D7-E058-4C5E-82CB-B83A9E8FE17C}.Release|x64.Build.0 = Release|x64
		{FFC532D7-E058-4C5E-82CB-B83A9E8FE17C}.Release|x64.Deploy.0 = Release|x64
		{B530956F-85AF-4B2C-A6D8-AA7E82D16CF9}.Debug|Win32.ActiveCfg = Debug|Win32
		{B530956F-85AF-4B2C-A6D8-AA7E82D16CF9}.Debug|Win32.Build.0 = Debug|Win32
		{B530956F-85AF-4B2C-A6D8-AA7E82D16CF9}.Debug|Win32.Deploy.0 = Debug|Win32
		{B530956F-85AF-4B2C-A6D8-AA7E82D16CF9}.Debug|x64.ActiveCfg = Debug|x64
		{B530956F-85AF-4B2C-A6D8-AA7E82D16CF9}.Debug|x64.Build.0 = Debug|x64
		{B530956F-85AF-4B2C-A6D8-AA7E82D16CF9}.Debug|x64.Deploy.0 = Debug|x64
		{B530956F-85AF-4B2C-A6D8-AA7E82D16CF9}.Release|Win32.ActiveCfg = Release|Win32
		{B530956F-85AF-4B2C-A6D8-AA7E82D16CF9}.Release|Win32.Build.0 = Release|Win32
		{B530956F-85AF-4B2C-A6D8-AA7E82D16CF9}.Release|Win32.Deploy.0 = Release|Win32
		{B530956F-85AF-4B2C-A6D8-AA7E82D16CF9}.Release|x64.ActiveCfg = Release|x64
		{B530956F-85AF-4B2C-A6D8-AA7E82D16CF9}.Release|x64.Build.0 = Release|x64
		{B530956F-85AF-4B2C-A6D8-AA7E82D16CF9}.Release|x64.Deploy.0 = Release|x64
		{7EF073C7-B3E8-41DD-9F2C-AAA2EC52ACBF}.Debug|Win32.ActiveCfg = Debug|Win32
		{7EF073C7-B3E8-41DD-9F2C-AAA2EC52ACBF}.Debug|Win32.Build.0 = Debug|Win32
		{7EF073C7-B3E8-41DD-9F2C-AAA2EC52ACBF}.Debug|Win32.Deploy.0 = Debug|Win32
		{7EF073C7-B3E8-41DD-9F2C-AAA2EC52ACBF}.Debug|x64.ActiveCfg = Debug|x64
		{7EF073C7-B3E8-41DD-9F2C-AAA2EC52ACBF}.Debug|x64.Build.0 = Debug|x64
		{7EF073C7-B3E8-41DD-9F2C-AAA2EC52ACBF}.Debug|x64.Deploy.0 = Debug|x64
		{7EF073C7-B3E8-41DD-9F2C-AAA2EC52ACBF}.Release|Win32.ActiveCfg = Release|Win32
		{7EF073C7-B3E8-41DD-9F2C-AAA2EC52ACBF}.Release|Win32.Build.0 = Release|Win32
		{7EF073C7-B3E8-41DD-9F2C-AAA2EC52ACBF}.Release|Win32.Deploy.0 = Release|Win32
		{7EF073C7-B3E8-41DD-9F2C-AAA2EC52ACBF}.Release|x64.ActiveCfg = Release|x64
		{7EF073C7-B3E8-41DD-9F2C-AAA2EC52ACBF}.Release|x64.Build.0 = Release|x64
		{7EF073C7-B3E8-41DD-9F2C-AAA2EC52ACBF}.Release|x64.Deploy.0 = Release|x64
		{74A5EE68-9FDA-421A-BC44-8A55B83FB83D}.Debug|Win32.ActiveCfg = Debug|Win32
		{74A5EE68-9FDA-421A-BC44-8A55B83FB83D}.Debug|Win32.Build.0 = Debug|Win32
		{74A5EE68-9FDA-421A-BC44-8A55B83FB83D}.Debug|Win32.Deploy.0 = Debug|Win32
		{74A5EE68-9FDA-421A-BC44-8A55B83FB83D}.Debug|x64.ActiveCfg = Debug|x64
		{74A5EE68-9FDA-421A-BC44-8A55B83FB83D}.Debug|x64.Build.0 = Debug|x64
		{74A5EE68-9FDA-421A-BC44-8A55B83FB83D}.Debug|x64.Deploy.0 = Debug|x64
		{74A5EE68-9FDA-421A-BC44-8A55B83FB83D}.Release|Win32.ActiveCfg = Release|Win32
		{74A5EE68-9FDA-421A-BC44-8A55B83FB83D}.Release|Win32.Build.0 = Release|Win32
		{74A5EE68-9FDA-421A-BC44-8A55B83FB83D}.Release|Win32.Deploy.0 = Release|Win32
		{74A5EE68-9FDA-421A-BC44-8A55B83FB83D}.Release|x64.ActiveCfg = Release|x64
		{74A5EE68-9FDA-421A-BC44-8A55B83FB83D}.Release|x64.Build.0 = Release|x64
		{74A5EE68-9FDA-421A-BC44-8A55B83FB83D}.Release|x64.Deploy.0 = Release|x64
		{56C779BE-5EEB-49DA-BE40-7E7190C8CE65}.Debug|Win32.ActiveCfg = Debug|Win32
		{56C779BE-5EEB-49DA-BE40-7E7190C8CE65}.Debug|Win32.Build.0 = Debug|Win32
		{56C779BE-5EEB-49DA-BE40-7E7190C8CE65}.Debug|Win32.Deploy.0 = Debug|Win32
		{56C779BE-5EEB-49DA-BE40-7E7190C8CE65}.Debug|x64.ActiveCfg = Debug|x64
		{56C779BE-5EEB-49DA-BE40-7E7190C8CE65}.Debug|x64.Build.0 = Debug|x64
		{56C779BE-5EEB-49DA-BE40-7E7190C8CE65}.Debug|x64.Deploy.0 = Debug|x64
		{56C779BE-5EEB-49DA-BE40-7E7190C8CE65}.Release|Win32.ActiveCfg = Release|Win32
		{56C779BE-5EEB-49DA-BE40-7E7190C8CE65}.Release|Win32.Build.0 = Release|Win32
		{56C779BE-5EEB-49DA-BE40-7E7190C8CE65}.Release|Win32.Deploy.0 = Release|Win32
		{56C779BE-5EEB-49DA-BE40-7E7190C8CE65}.Release|x64.ActiveCfg = Release|x64
		{56C779BE-5EEB-49DA-BE40-7E7190C8CE65}.Release|x64.Build.0 = Release|x64
		{56C779BE-5EEB-49DA-BE40-7E7190C8CE65}.Release|x64.Deploy.0 = Release|x64
		{42F75A05-8A0E-42C4-9B98-0733932DD43A}.Debug|Win32.ActiveCfg = Debug|Win32
		{42F75A05-8A0E-42C4-9B98-0733932DD43A}.Debug|Win32.Build.0 = Debug|Win32
		{42F75A05-8A0E-42C4-9B98-0733932DD43A}.Debug|Win32.Deploy.0 = Debug|Win32
		{42F75A05-8A0E-42C4-9B98-0733932DD43A}.Debug|x64.ActiveCfg = Debug|x64
		{42F75A05-8A0E-42C4-9B98-0733932DD43A}.Debug|x64.Build.0 = Debug|x64
		{42F75A05-8A0E-42C4-9B98-0733932DD43A}.Debug|x64.Deploy.0 = Debug|x64
		{42F75A05-8A0E-42C4-9B98-0733932DD43A}.Release|Win32.ActiveCfg = Release|Win32
		{42F75A05-8A0E-42C4-9B98-0733932DD43A}.Release|Win32.Build.0 = Release|Win32
		{42F75A05-8A0E-42C4-9B98-0733932DD43A}.Release|Win32.Deploy.0 = Release|Win32
		{42F75A05-8A0E-42C4-9B98-0733932DD43A}.Release|x64.ActiveCfg = Release|x64
		{42F75A05-8A0E-42C4-9B98-0733932DD43A}.Release|x64.Build.0 = Release|x64
		{42F75A05-8A0E-42C4-9B98-0733932DD43A}.Release|x64.Deploy.0 = Release|x64
		{131BD053-500E-48A3-89FA-E6B7717CBD99}.Debug|Win32.ActiveCfg = Debug|Win32
		{131BD053-500E-48A3-89FA-E6B7717CBD99}.Debug|Win32.Build.0 = Debug|Win32
		{131BD053-500E-48A3-89FA-E6B7717CBD99}.Debug|Win32.Deploy.0 = Debug|Win32
		{131BD053-500E-48A3-89FA-E6B7717CBD99}.Debug|x64.ActiveCfg = Debug|x64
		{131BD053-500E-48A3-89FA-E6B7717CBD99}.Debug|x64.Build.0 = Debug|x64
		{131BD053-500E-48A3-89FA-E6B7717CBD99}.Debug|x64.Deploy.0 = Debug|x64
		{131BD053-500E-48A3-89FA-E6B7717CBD99}.Release|Win32.ActiveCfg = Release|Win32
		{131BD053-500E-48A3-89FA-E6B7717CBD99}.Release|Win32.Build.0 = Release|Win32
		{131BD053-500E-48A3-89FA-E6B7717CBD99}.Release|Win32.Deploy.0 = Release|Win32
		{131BD053-500E-48A3-89FA-E6B7717CBD99}.Release|x64.ActiveCfg = Release|x64
		{131BD053-500E-48A3-89FA-E6B7717CBD99}.Release|x64.Build.0 = Release|x64
		{131BD053-500E-48A3-89FA-E6B7717CBD99}.Release|x64.Deploy.0 = Release|x64
		{31057688-2F01-4184-A1C2-3CD7F62864D2}.Debug|Win32.ActiveCfg = Debug|Win32
		{31057688-2F01-4184-A1C2-3CD7F62864D2}.Debug|Win32.Build.0 = Debug|Win32
		{31057688-2F01-4184-A1C2-3CD7F62864D2}.Debug|Win32.Deploy.0 = Debug|Win32
		{31057688-2F01-4184-A1C2-3CD7F62864D2}.Debug|x64.ActiveCfg = Debug|x64
		{31057688-2F01-4184-A1C2-3CD7F62864D2}.Debug|x64.Build.0 = Debug|x64
		{31057688-2F01-4184-A1C2-3CD7F62864D2}.Debug|x64.Deploy.0 = Debug|x64
		{31057688-2F01-4184-A1C2-3CD7F62864D2}.Release|Win32.ActiveCfg = Release|Win32
		{31057688-2F01-4184-A1C2-3CD7F62864D2}.Release|Win32.Build.0 = Release|Win32
		{31057688-2F01-4184-A1C2-3CD7F62864D2}.Release|Win32.Deploy.0 = Release|Win32
		{31057688-2F01-4184-A1C2-3CD7F62864D2}.Release|x64.ActiveCfg = Release|x64
		{31057688-2F01-4184-A1C2-3CD7F62864D2}.Release|x64.Build.0 = Release|x64
		{31057688-2F01-4184-A1C2-3CD7F62864D2}.Release|x64.Deploy.0 = Release|x64
		{7EF91781-A99B-418E-9206-136736175176}.Debug|Win32.ActiveCfg = Debug|Win32
		{7EF91781-A99B-418E-9206-136736175176}.Debug|Win32.Build.0 = Debug|Win32
		{7EF91781-A99B-418E-9206-136736175176}.Debug|Win32.Deploy.0 = Debug|Win32
		{7EF91781-A99B-418E-9206-136736175176}.Debug|x64.ActiveCfg = Debug|x64
		{7EF91781-A99B-418E-9206-136736175176}.Debug|x64.Build.0 = Debug|x64
		{7EF91781-A99B-418E-9206-136736175176}.Debug|x64.Deploy.0 = Debug|x64
		{7EF91781-A99B-418E-9206-136736175176}.Release|Win32.ActiveCfg = Release|Win32
		{7EF91781-A99B-418E-9206-136736175176}.Release|Win32.Build.0 = Release|Win32
		{7EF91781-A99B-418E-9206-136736175176}.Release|Win32.Deploy.0 = Release|Win32
		{7EF91781-A99B-418E-9206-136736175176}.Release|x64.ActiveCfg = Release|x64
		{7EF91781-A99B-418E-9206-136736175176}.Release|x64.Build.0 = Release|x64
		{7EF91781-A99B-418E-9206-136736175176}.Release|x64.Deploy.0 = Release|x64
		{37968B7D-1D88-462A-95A5-8B0F6A8957BF}.Debug|Win32.ActiveCfg = Debug|Win32
		{37968B7D-1D88-462A-95A5-8B0F6A8957BF}.Debug|Win32.Build.0 = Debug|Win32
		{37968B7D-1D88-462A-95A5-8B0F6A8957BF}.Debug|Win32.Deploy.0 = Debug|Win32
		{37968B7D-1D88-462A-95A5-8B0F6A8957BF}.Debug|x64.ActiveCfg = Debug|x64
		{37968B7D-1D88-462A-95A5-8B0F6A8957BF}.Debug|x64.Build.0 = Debug|x64
		{37968B7D-1D88-462A-95A5-8B0F6A8957BF}.Debug|x64.Deploy.0 = Debug|x64
		{37968B7D-1D88-462A-95A5-8B0F6A8957BF}.Release|Win32.ActiveCfg = Release|Win32
		{37968B7D-1D88-462A-95A5-8B0F6A8957BF}.Release|Win32.Build.0 = Release|Win32
		{37968B7D-1D88-462A-95A5-8B0F6A8957BF}.Release|Win32.Deploy.0 = Release|Win32
		{37968B7D-1D88-462A-95A5-8B0F6A8957BF}.Release|x64.ActiveCfg = Release|x64
		{37968B7D-1D88-462A-95A5-8B0F6A8957BF}.Release|x64.Build.0 = Release|x64
		{37968B7D-1D88-462A-95A5-8B0F6A8957BF}.Release|x64.Deploy.0 = Release|x64
	EndGlobalSection
	GlobalSection(SolutionProperties) = preSolution
		HideSolutionNode = FALSE
	EndGlobalSection
EndGlobal
