
Microsoft Visual Studio Solution File, Format Version 11.00
# Visual Studio 2012
Project("{8BC9CEB8-8B4A-11D0-8D11-00A0C91BC942}") = "3d", "3d.vcxproj", "{A6002EBF-1B00-4E78-9EE2-69F4F8282F0B}"
EndProject
Project("{8BC9CEB8-8B4A-11D0-8D11-00A0C91BC942}") = "asyncio", "asyncio.vcxproj", "{A20CF262-0D4A-460D-951C-6A6E48A80C20}"
EndProject
Project("{8BC9CEB8-8B4A-11D0-8D11-00A0C91BC942}") = "channel_groups", "channel_groups.vcxproj", "{CE12F945-FD4B-4A80-921D-87A2BEB5F63C}"
EndProject
Project("{8BC9CEB8-8B4A-11D0-8D11-00A0C91BC942}") = "convolution_reverb", "convolution_reverb.vcxproj", "{E7DF37BB-3F55-4CA1-B102-C042FEE6AF3F}"
EndProject
Project("{8BC9CEB8-8B4A-11D0-8D11-00A0C91BC942}") = "dsp_custom", "dsp_custom.vcxproj", "{92FFAFC3-EBF2-481F-BD5C-F3AB19D083AE}"
EndProject
Project("{8BC9CEB8-8B4A-11D0-8D11-00A0C91BC942}") = "dsp_effect_per_speaker", "dsp_effect_per_speaker.vcxproj", "{1E59FC5B-6837-48AF-8649-0687AE88E4CB}"
EndProject
Project("{8BC9CEB8-8B4A-11D0-8D11-00A0C91BC942}") = "dsp_inspector", "dsp_inspector.vcxproj", "{3A839A1C-4C16-42CB-A280-1AC5D01B012C}"
EndProject
Project("{8BC9CEB8-8B4A-11D0-8D11-00A0C91BC942}") = "effects", "effects.vcxproj", "{0090AFBA-4686-468A-8690-C825A5FA8F3E}"
EndProject
Project("{8BC9CEB8-8B4A-11D0-8D11-00A0C91BC942}") = "gapless_playback", "gapless_playback.vcxproj", "{588448D0-7DC9-457F-9255-F71AE049AAA7}"
EndProject
Project("{8BC9CEB8-8B4A-11D0-8D11-00A0C91BC942}") = "generate_tone", "generate_tone.vcxproj", "{7BA30BDD-35DF-40C1-9E35-64F61BE60DE8}"
EndProject
Project("{8BC9CEB8-8B4A-11D0-8D11-00A0C91BC942}") = "granular_synth", "granular_synth.vcxproj", "{54B9DBDC-8F57-4351-88B5-6A1E23CED862}"
EndProject
Project("{8BC9CEB8-8B4A-11D0-8D11-00A0C91BC942}") = "load_from_memory", "load_from_memory.vcxproj", "{B491B0DD-17B6-4DA6-9D20-89F8B61A28BA}"
EndProject
Project("{8BC9CEB8-8B4A-11D0-8D11-00A0C91BC942}") = "multiple_speaker", "multiple_speaker.vcxproj", "{9B60E5E7-5B0D-47B3-BC35-7532E4ED4BE0}"
EndProject
Project("{8BC9CEB8-8B4A-11D0-8D11-00A0C91BC942}") = "multiple_system", "multiple_system.vcxproj", "{0940ADA6-4C5C-48AB-9540-032710586001}"
EndProject
Project("{8BC9CEB8-8B4A-11D0-8D11-00A0C91BC942}") = "net_stream", "net_stream.vcxproj", "{DD17443E-E9A3-46F2-B3A6-ADC62FCBC341}"
EndProject
Project("{8BC9CEB8-8B4A-11D0-8D11-00A0C91BC942}") = "play_sound", "play_sound.vcxproj", "{40A0917C-949C-4E1C-8916-7765E843364F}"
EndProject
Project("{8BC9CEB8-8B4A-11D0-8D11-00A0C91BC942}") = "play_stream", "play_stream.vcxproj", "{5799122F-58A6-4F4C-9873-148660B2B52F}"
EndProject
Project("{8BC9CEB8-8B4A-11D0-8D11-00A0C91BC942}") = "record", "record.vcxproj", "{0A561614-4520-4771-8860-202490505262}"
EndProject
Project("{8BC9CEB8-8B4A-11D0-8D11-00A0C91BC942}") = "record_enumeration", "record_enumeration.vcxproj", "{4F492B4A-93C8-432A-A826-58ED39E9BE1C}"
EndProject
Project("{8BC9CEB8-8B4A-11D0-8D11-00A0C91BC942}") = "user_created_sound", "user_created_sound.vcxproj", "{37A4795E-9D2A-48B7-B8CC-5418A0860C26}"
EndProject
Project("{8BC9CEB8-8B4A-11D0-8D11-00A0C91BC942}") = "fmod_codec_raw", "fmod_codec_raw.vcxproj", "{04E16CA5-CD32-4B29-97D6-2197FAB0A28A}"
EndProject
Project("{8BC9CEB8-8B4A-11D0-8D11-00A0C91BC942}") = "fmod_distance_filter", "fmod_distance_filter.vcxproj", "{E6737170-8D70-4D3C-9B82-C34B554C285D}"
EndProject
Project("{8BC9CEB8-8B4A-11D0-8D11-00A0C91BC942}") = "fmod_gain", "fmod_gain.vcxproj", "{6D0F447D-8486-4ECD-91A8-E49786BF374C}"
EndProject
Project("{8BC9CEB8-8B4A-11D0-8D11-00A0C91BC942}") = "fmod_noise", "fmod_noise.vcxproj", "{3A1E92FC-A78B-49AB-A748-E4F0CD38C1C1}"
EndProject
Project("{8BC9CEB8-8B4A-11D0-8D11-00A0C91BC942}") = "output_mp3", "output_mp3.vcxproj", "{DE577323-A36C-4271-AD36-A16FCF7564F5}"
EndProject
Global
	GlobalSection(SolutionConfigurationPlatforms) = preSolution
		Debug|Win32 = Debug|Win32
		Debug|x64 = Debug|x64
		Release|Win32 = Release|Win32
		Release|x64 = Release|x64
	EndGlobalSection
	GlobalSection(ProjectConfigurationPlatforms) = postSolution
		{A6002EBF-1B00-4E78-9EE2-69F4F8282F0B}.Debug|Win32.ActiveCfg = Debug|Win32
		{A6002EBF-1B00-4E78-9EE2-69F4F8282F0B}.Debug|Win32.Build.0 = Debug|Win32
		{A6002EBF-1B00-4E78-9EE2-69F4F8282F0B}.Debug|Win32.Deploy.0 = Debug|Win32
		{A6002EBF-1B00-4E78-9EE2-69F4F8282F0B}.Debug|x64.ActiveCfg = Debug|x64
		{A6002EBF-1B00-4E78-9EE2-69F4F8282F0B}.Debug|x64.Build.0 = Debug|x64
		{A6002EBF-1B00-4E78-9EE2-69F4F8282F0B}.Debug|x64.Deploy.0 = Debug|x64
		{A6002EBF-1B00-4E78-9EE2-69F4F8282F0B}.Release|Win32.ActiveCfg = Release|Win32
		{A6002EBF-1B00-4E78-9EE2-69F4F8282F0B}.Release|Win32.Build.0 = Release|Win32
		{A6002EBF-1B00-4E78-9EE2-69F4F8282F0B}.Release|Win32.Deploy.0 = Release|Win32
		{A6002EBF-1B00-4E78-9EE2-69F4F8282F0B}.Release|x64.ActiveCfg = Release|x64
		{A6002EBF-1B00-4E78-9EE2-69F4F8282F0B}.Release|x64.Build.0 = Release|x64
		{A6002EBF-1B00-4E78-9EE2-69F4F8282F0B}.Release|x64.Deploy.0 = Release|x64
		{A20CF262-0D4A-460D-951C-6A6E48A80C20}.Debug|Win32.ActiveCfg = Debug|Win32
		{A20CF262-0D4A-460D-951C-6A6E48A80C20}.Debug|Win32.Build.0 = Debug|Win32
		{A20CF262-0D4A-460D-951C-6A6E48A80C20}.Debug|Win32.Deploy.0 = Debug|Win32
		{A20CF262-0D4A-460D-951C-6A6E48A80C20}.Debug|x64.ActiveCfg = Debug|x64
		{A20CF262-0D4A-460D-951C-6A6E48A80C20}.Debug|x64.Build.0 = Debug|x64
		{A20CF262-0D4A-460D-951C-6A6E48A80C20}.Debug|x64.Deploy.0 = Debug|x64
		{A20CF262-0D4A-460D-951C-6A6E48A80C20}.Release|Win32.ActiveCfg = Release|Win32
		{A20CF262-0D4A-460D-951C-6A6E48A80C20}.Release|Win32.Build.0 = Release|Win32
		{A20CF262-0D4A-460D-951C-6A6E48A80C20}.Release|Win32.Deploy.0 = Release|Win32
		{A20CF262-0D4A-460D-951C-6A6E48A80C20}.Release|x64.ActiveCfg = Release|x64
		{A20CF262-0D4A-460D-951C-6A6E48A80C20}.Release|x64.Build.0 = Release|x64
		{A20CF262-0D4A-460D-951C-6A6E48A80C20}.Release|x64.Deploy.0 = Release|x64
		{CE12F945-FD4B-4A80-921D-87A2BEB5F63C}.Debug|Win32.ActiveCfg = Debug|Win32
		{CE12F945-FD4B-4A80-921D-87A2BEB5F63C}.Debug|Win32.Build.0 = Debug|Win32
		{CE12F945-FD4B-4A80-921D-87A2BEB5F63C}.Debug|Win32.Deploy.0 = Debug|Win32
		{CE12F945-FD4B-4A80-921D-87A2BEB5F63C}.Debug|x64.ActiveCfg = Debug|x64
		{CE12F945-FD4B-4A80-921D-87A2BEB5F63C}.Debug|x64.Build.0 = Debug|x64
		{CE12F945-FD4B-4A80-921D-87A2BEB5F63C}.Debug|x64.Deploy.0 = Debug|x64
		{CE12F945-FD4B-4A80-921D-87A2BEB5F63C}.Release|Win32.ActiveCfg = Release|Win32
		{CE12F945-FD4B-4A80-921D-87A2BEB5F63C}.Release|Win32.Build.0 = Release|Win32
		{CE12F945-FD4B-4A80-921D-87A2BEB5F63C}.Release|Win32.Deploy.0 = Release|Win32
		{CE12F945-FD4B-4A80-921D-87A2BEB5F63C}.Release|x64.ActiveCfg = Release|x64
		{CE12F945-FD4B-4A80-921D-87A2BEB5F63C}.Release|x64.Build.0 = Release|x64
		{CE12F945-FD4B-4A80-921D-87A2BEB5F63C}.Release|x64.Deploy.0 = Release|x64
		{E7DF37BB-3F55-4CA1-B102-C042FEE6AF3F}.Debug|Win32.ActiveCfg = Debug|Win32
		{E7DF37BB-3F55-4CA1-B102-C042FEE6AF3F}.Debug|Win32.Build.0 = Debug|Win32
		{E7DF37BB-3F55-4CA1-B102-C042FEE6AF3F}.Debug|Win32.Deploy.0 = Debug|Win32
		{E7DF37BB-3F55-4CA1-B102-C042FEE6AF3F}.Debug|x64.ActiveCfg = Debug|x64
		{E7DF37BB-3F55-4CA1-B102-C042FEE6AF3F}.Debug|x64.Build.0 = Debug|x64
		{E7DF37BB-3F55-4CA1-B102-C042FEE6AF3F}.Debug|x64.Deploy.0 = Debug|x64
		{E7DF37BB-3F55-4CA1-B102-C042FEE6AF3F}.Release|Win32.ActiveCfg = Release|Win32
		{E7DF37BB-3F55-4CA1-B102-C042FEE6AF3F}.Release|Win32.Build.0 = Release|Win32
		{E7DF37BB-3F55-4CA1-B102-C042FEE6AF3F}.Release|Win32.Deploy.0 = Release|Win32
		{E7DF37BB-3F55-4CA1-B102-C042FEE6AF3F}.Release|x64.ActiveCfg = Release|x64
		{E7DF37BB-3F55-4CA1-B102-C042FEE6AF3F}.Release|x64.Build.0 = Release|x64
		{E7DF37BB-3F55-4CA1-B102-C042FEE6AF3F}.Release|x64.Deploy.0 = Release|x64
		{92FFAFC3-EBF2-481F-BD5C-F3AB19D083AE}.Debug|Win32.ActiveCfg = Debug|Win32
		{92FFAFC3-EBF2-481F-BD5C-F3AB19D083AE}.Debug|Win32.Build.0 = Debug|Win32
		{92FFAFC3-EBF2-481F-BD5C-F3AB19D083AE}.Debug|Win32.Deploy.0 = Debug|Win32
		{92FFAFC3-EBF2-481F-BD5C-F3AB19D083AE}.Debug|x64.ActiveCfg = Debug|x64
		{92FFAFC3-EBF2-481F-BD5C-F3AB19D083AE}.Debug|x64.Build.0 = Debug|x64
		{92FFAFC3-EBF2-481F-BD5C-F3AB19D083AE}.Debug|x64.Deploy.0 = Debug|x64
		{92FFAFC3-EBF2-481F-BD5C-F3AB19D083AE}.Release|Win32.ActiveCfg = Release|Win32
		{92FFAFC3-EBF2-481F-BD5C-F3AB19D083AE}.Release|Win32.Build.0 = Release|Win32
		{92FFAFC3-EBF2-481F-BD5C-F3AB19D083AE}.Release|Win32.Deploy.0 = Release|Win32
		{92FFAFC3-EBF2-481F-BD5C-F3AB19D083AE}.Release|x64.ActiveCfg = Release|x64
		{92FFAFC3-EBF2-481F-BD5C-F3AB19D083AE}.Release|x64.Build.0 = Release|x64
		{92FFAFC3-EBF2-481F-BD5C-F3AB19D083AE}.Release|x64.Deploy.0 = Release|x64
		{1E59FC5B-6837-48AF-8649-0687AE88E4CB}.Debug|Win32.ActiveCfg = Debug|Win32
		{1E59FC5B-6837-48AF-8649-0687AE88E4CB}.Debug|Win32.Build.0 = Debug|Win32
		{1E59FC5B-6837-48AF-8649-0687AE88E4CB}.Debug|Win32.Deploy.0 = Debug|Win32
		{1E59FC5B-6837-48AF-8649-0687AE88E4CB}.Debug|x64.ActiveCfg = Debug|x64
		{1E59FC5B-6837-48AF-8649-0687AE88E4CB}.Debug|x64.Build.0 = Debug|x64
		{1E59FC5B-6837-48AF-8649-0687AE88E4CB}.Debug|x64.Deploy.0 = Debug|x64
		{1E59FC5B-6837-48AF-8649-0687AE88E4CB}.Release|Win32.ActiveCfg = Release|Win32
		{1E59FC5B-6837-48AF-8649-0687AE88E4CB}.Release|Win32.Build.0 = Release|Win32
		{1E59FC5B-6837-48AF-8649-0687AE88E4CB}.Release|Win32.Deploy.0 = Release|Win32
		{1E59FC5B-6837-48AF-8649-0687AE88E4CB}.Release|x64.ActiveCfg = Release|x64
		{1E59FC5B-6837-48AF-8649-0687AE88E4CB}.Release|x64.Build.0 = Release|x64
		{1E59FC5B-6837-48AF-8649-0687AE88E4CB}.Release|x64.Deploy.0 = Release|x64
		{3A839A1C-4C16-42CB-A280-1AC5D01B012C}.Debug|Win32.ActiveCfg = Debug|Win32
		{3A839A1C-4C16-42CB-A280-1AC5D01B012C}.Debug|Win32.Build.0 = Debug|Win32
		{3A839A1C-4C16-42CB-A280-1AC5D01B012C}.Debug|Win32.Deploy.0 = Debug|Win32
		{3A839A1C-4C16-42CB-A280-1AC5D01B012C}.Debug|x64.ActiveCfg = Debug|x64
		{3A839A1C-4C16-42CB-A280-1AC5D01B012C}.Debug|x64.Build.0 = Debug|x64
		{3A839A1C-4C16-42CB-A280-1AC5D01B012C}.Debug|x64.Deploy.0 = Debug|x64
		{3A839A1C-4C16-42CB-A280-1AC5D01B012C}.Release|Win32.ActiveCfg = Release|Win32
		{3A839A1C-4C16-42CB-A280-1AC5D01B012C}.Release|Win32.Build.0 = Release|Win32
		{3A839A1C-4C16-42CB-A280-1AC5D01B012C}.Release|Win32.Deploy.0 = Release|Win32
		{3A839A1C-4C16-42CB-A280-1AC5D01B012C}.Release|x64.ActiveCfg = Release|x64
		{3A839A1C-4C16-42CB-A280-1AC5D01B012C}.Release|x64.Build.0 = Release|x64
		{3A839A1C-4C16-42CB-A280-1AC5D01B012C}.Release|x64.Deploy.0 = Release|x64
		{0090AFBA-4686-468A-8690-C825A5FA8F3E}.Debug|Win32.ActiveCfg = Debug|Win32
		{0090AFBA-4686-468A-8690-C825A5FA8F3E}.Debug|Win32.Build.0 = Debug|Win32
		{0090AFBA-4686-468A-8690-C825A5FA8F3E}.Debug|Win32.Deploy.0 = Debug|Win32
		{0090AFBA-4686-468A-8690-C825A5FA8F3E}.Debug|x64.ActiveCfg = Debug|x64
		{0090AFBA-4686-468A-8690-C825A5FA8F3E}.Debug|x64.Build.0 = Debug|x64
		{0090AFBA-4686-468A-8690-C825A5FA8F3E}.Debug|x64.Deploy.0 = Debug|x64
		{0090AFBA-4686-468A-8690-C825A5FA8F3E}.Release|Win32.ActiveCfg = Release|Win32
		{0090AFBA-4686-468A-8690-C825A5FA8F3E}.Release|Win32.Build.0 = Release|Win32
		{0090AFBA-4686-468A-8690-C825A5FA8F3E}.Release|Win32.Deploy.0 = Release|Win32
		{0090AFBA-4686-468A-8690-C825A5FA8F3E}.Release|x64.ActiveCfg = Release|x64
		{0090AFBA-4686-468A-8690-C825A5FA8F3E}.Release|x64.Build.0 = Release|x64
		{0090AFBA-4686-468A-8690-C825A5FA8F3E}.Release|x64.Deploy.0 = Release|x64
		{588448D0-7DC9-457F-9255-F71AE049AAA7}.Debug|Win32.ActiveCfg = Debug|Win32
		{588448D0-7DC9-457F-9255-F71AE049AAA7}.Debug|Win32.Build.0 = Debug|Win32
		{588448D0-7DC9-457F-9255-F71AE049AAA7}.Debug|Win32.Deploy.0 = Debug|Win32
		{588448D0-7DC9-457F-9255-F71AE049AAA7}.Debug|x64.ActiveCfg = Debug|x64
		{588448D0-7DC9-457F-9255-F71AE049AAA7}.Debug|x64.Build.0 = Debug|x64
		{588448D0-7DC9-457F-9255-F71AE049AAA7}.Debug|x64.Deploy.0 = Debug|x64
		{588448D0-7DC9-457F-9255-F71AE049AAA7}.Release|Win32.ActiveCfg = Release|Win32
		{588448D0-7DC9-457F-9255-F71AE049AAA7}.Release|Win32.Build.0 = Release|Win32
		{588448D0-7DC9-457F-9255-F71AE049AAA7}.Release|Win32.Deploy.0 = Release|Win32
		{588448D0-7DC9-457F-9255-F71AE049AAA7}.Release|x64.ActiveCfg = Release|x64
		{588448D0-7DC9-457F-9255-F71AE049AAA7}.Release|x64.Build.0 = Release|x64
		{588448D0-7DC9-457F-9255-F71AE049AAA7}.Release|x64.Deploy.0 = Release|x64
		{7BA30BDD-35DF-40C1-9E35-64F61BE60DE8}.Debug|Win32.ActiveCfg = Debug|Win32
		{7BA30BDD-35DF-40C1-9E35-64F61BE60DE8}.Debug|Win32.Build.0 = Debug|Win32
		{7BA30BDD-35DF-40C1-9E35-64F61BE60DE8}.Debug|Win32.Deploy.0 = Debug|Win32
		{7BA30BDD-35DF-40C1-9E35-64F61BE60DE8}.Debug|x64.ActiveCfg = Debug|x64
		{7BA30BDD-35DF-40C1-9E35-64F61BE60DE8}.Debug|x64.Build.0 = Debug|x64
		{7BA30BDD-35DF-40C1-9E35-64F61BE60DE8}.Debug|x64.Deploy.0 = Debug|x64
		{7BA30BDD-35DF-40C1-9E35-64F61BE60DE8}.Release|Win32.ActiveCfg = Release|Win32
		{7BA30BDD-35DF-40C1-9E35-64F61BE60DE8}.Release|Win32.Build.0 = Release|Win32
		{7BA30BDD-35DF-40C1-9E35-64F61BE60DE8}.Release|Win32.Deploy.0 = Release|Win32
		{7BA30BDD-35DF-40C1-9E35-64F61BE60DE8}.Release|x64.ActiveCfg = Release|x64
		{7BA30BDD-35DF-40C1-9E35-64F61BE60DE8}.Release|x64.Build.0 = Release|x64
		{7BA30BDD-35DF-40C1-9E35-64F61BE60DE8}.Release|x64.Deploy.0 = Release|x64
		{54B9DBDC-8F57-4351-88B5-6A1E23CED862}.Debug|Win32.ActiveCfg = Debug|Win32
		{54B9DBDC-8F57-4351-88B5-6A1E23CED862}.Debug|Win32.Build.0 = Debug|Win32
		{54B9DBDC-8F57-4351-88B5-6A1E23CED862}.Debug|Win32.Deploy.0 = Debug|Win32
		{54B9DBDC-8F57-4351-88B5-6A1E23CED862}.Debug|x64.ActiveCfg = Debug|x64
		{54B9DBDC-8F57-4351-88B5-6A1E23CED862}.Debug|x64.Build.0 = Debug|x64
		{54B9DBDC-8F57-4351-88B5-6A1E23CED862}.Debug|x64.Deploy.0 = Debug|x64
		{54B9DBDC-8F57-4351-88B5-6A1E23CED862}.Release|Win32.ActiveCfg = Release|Win32
		{54B9DBDC-8F57-4351-88B5-6A1E23CED862}.Release|Win32.Build.0 = Release|Win32
		{54B9DBDC-8F57-4351-88B5-6A1E23CED862}.Release|Win32.Deploy.0 = Release|Win32
		{54B9DBDC-8F57-4351-88B5-6A1E23CED862}.Release|x64.ActiveCfg = Release|x64
		{54B9DBDC-8F57-4351-88B5-6A1E23CED862}.Release|x64.Build.0 = Release|x64
		{54B9DBDC-8F57-4351-88B5-6A1E23CED862}.Release|x64.Deploy.0 = Release|x64
		{B491B0DD-17B6-4DA6-9D20-89F8B61A28BA}.Debug|Win32.ActiveCfg = Debug|Win32
		{B491B0DD-17B6-4DA6-9D20-89F8B61A28BA}.Debug|Win32.Build.0 = Debug|Win32
		{B491B0DD-17B6-4DA6-9D20-89F8B61A28BA}.Debug|Win32.Deploy.0 = Debug|Win32
		{B491B0DD-17B6-4DA6-9D20-89F8B61A28BA}.Debug|x64.ActiveCfg = Debug|x64
		{B491B0DD-17B6-4DA6-9D20-89F8B61A28BA}.Debug|x64.Build.0 = Debug|x64
		{B491B0DD-17B6-4DA6-9D20-89F8B61A28BA}.Debug|x64.Deploy.0 = Debug|x64
		{B491B0DD-17B6-4DA6-9D20-89F8B61A28BA}.Release|Win32.ActiveCfg = Release|Win32
		{B491B0DD-17B6-4DA6-9D20-89F8B61A28BA}.Release|Win32.Build.0 = Release|Win32
		{B491B0DD-17B6-4DA6-9D20-89F8B61A28BA}.Release|Win32.Deploy.0 = Release|Win32
		{B491B0DD-17B6-4DA6-9D20-89F8B61A28BA}.Release|x64.ActiveCfg = Release|x64
		{B491B0DD-17B6-4DA6-9D20-89F8B61A28BA}.Release|x64.Build.0 = Release|x64
		{B491B0DD-17B6-4DA6-9D20-89F8B61A28BA}.Release|x64.Deploy.0 = Release|x64
		{9B60E5E7-5B0D-47B3-BC35-7532E4ED4BE0}.Debug|Win32.ActiveCfg = Debug|Win32
		{9B60E5E7-5B0D-47B3-BC35-7532E4ED4BE0}.Debug|Win32.Build.0 = Debug|Win32
		{9B60E5E7-5B0D-47B3-BC35-7532E4ED4BE0}.Debug|Win32.Deploy.0 = Debug|Win32
		{9B60E5E7-5B0D-47B3-BC35-7532E4ED4BE0}.Debug|x64.ActiveCfg = Debug|x64
		{9B60E5E7-5B0D-47B3-BC35-7532E4ED4BE0}.Debug|x64.Build.0 = Debug|x64
		{9B60E5E7-5B0D-47B3-BC35-7532E4ED4BE0}.Debug|x64.Deploy.0 = Debug|x64
		{9B60E5E7-5B0D-47B3-BC35-7532E4ED4BE0}.Release|Win32.ActiveCfg = Release|Win32
		{9B60E5E7-5B0D-47B3-BC35-7532E4ED4BE0}.Release|Win32.Build.0 = Release|Win32
		{9B60E5E7-5B0D-47B3-BC35-7532E4ED4BE0}.Release|Win32.Deploy.0 = Release|Win32
		{9B60E5E7-5B0D-47B3-BC35-7532E4ED4BE0}.Release|x64.ActiveCfg = Release|x64
		{9B60E5E7-5B0D-47B3-BC35-7532E4ED4BE0}.Release|x64.Build.0 = Release|x64
		{9B60E5E7-5B0D-47B3-BC35-7532E4ED4BE0}.Release|x64.Deploy.0 = Release|x64
		{0940ADA6-4C5C-48AB-9540-032710586001}.Debug|Win32.ActiveCfg = Debug|Win32
		{0940ADA6-4C5C-48AB-9540-032710586001}.Debug|Win32.Build.0 = Debug|Win32
		{0940ADA6-4C5C-48AB-9540-032710586001}.Debug|Win32.Deploy.0 = Debug|Win32
		{0940ADA6-4C5C-48AB-9540-032710586001}.Debug|x64.ActiveCfg = Debug|x64
		{0940ADA6-4C5C-48AB-9540-032710586001}.Debug|x64.Build.0 = Debug|x64
		{0940ADA6-4C5C-48AB-9540-032710586001}.Debug|x64.Deploy.0 = Debug|x64
		{0940ADA6-4C5C-48AB-9540-032710586001}.Release|Win32.ActiveCfg = Release|Win32
		{0940ADA6-4C5C-48AB-9540-032710586001}.Release|Win32.Build.0 = Release|Win32
		{0940ADA6-4C5C-48AB-9540-032710586001}.Release|Win32.Deploy.0 = Release|Win32
		{0940ADA6-4C5C-48AB-9540-032710586001}.Release|x64.ActiveCfg = Release|x64
		{0940ADA6-4C5C-48AB-9540-032710586001}.Release|x64.Build.0 = Release|x64
		{0940ADA6-4C5C-48AB-9540-032710586001}.Release|x64.Deploy.0 = Release|x64
		{DD17443E-E9A3-46F2-B3A6-ADC62FCBC341}.Debug|Win32.ActiveCfg = Debug|Win32
		{DD17443E-E9A3-46F2-B3A6-ADC62FCBC341}.Debug|Win32.Build.0 = Debug|Win32
		{DD17443E-E9A3-46F2-B3A6-ADC62FCBC341}.Debug|Win32.Deploy.0 = Debug|Win32
		{DD17443E-E9A3-46F2-B3A6-ADC62FCBC341}.Debug|x64.ActiveCfg = Debug|x64
		{DD17443E-E9A3-46F2-B3A6-ADC62FCBC341}.Debug|x64.Build.0 = Debug|x64
		{DD17443E-E9A3-46F2-B3A6-ADC62FCBC341}.Debug|x64.Deploy.0 = Debug|x64
		{DD17443E-E9A3-46F2-B3A6-ADC62FCBC341}.Release|Win32.ActiveCfg = Release|Win32
		{DD17443E-E9A3-46F2-B3A6-ADC62FCBC341}.Release|Win32.Build.0 = Release|Win32
		{DD17443E-E9A3-46F2-B3A6-ADC62FCBC341}.Release|Win32.Deploy.0 = Release|Win32
		{DD17443E-E9A3-46F2-B3A6-ADC62FCBC341}.Release|x64.ActiveCfg = Release|x64
		{DD17443E-E9A3-46F2-B3A6-ADC62FCBC341}.Release|x64.Build.0 = Release|x64
		{DD17443E-E9A3-46F2-B3A6-ADC62FCBC341}.Release|x64.Deploy.0 = Release|x64
		{40A0917C-949C-4E1C-8916-7765E843364F}.Debug|Win32.ActiveCfg = Debug|Win32
		{40A0917C-949C-4E1C-8916-7765E843364F}.Debug|Win32.Build.0 = Debug|Win32
		{40A0917C-949C-4E1C-8916-7765E843364F}.Debug|Win32.Deploy.0 = Debug|Win32
		{40A0917C-949C-4E1C-8916-7765E843364F}.Debug|x64.ActiveCfg = Debug|x64
		{40A0917C-949C-4E1C-8916-7765E843364F}.Debug|x64.Build.0 = Debug|x64
		{40A0917C-949C-4E1C-8916-7765E843364F}.Debug|x64.Deploy.0 = Debug|x64
		{40A0917C-949C-4E1C-8916-7765E843364F}.Release|Win32.ActiveCfg = Release|Win32
		{40A0917C-949C-4E1C-8916-7765E843364F}.Release|Win32.Build.0 = Release|Win32
		{40A0917C-949C-4E1C-8916-7765E843364F}.Release|Win32.Deploy.0 = Release|Win32
		{40A0917C-949C-4E1C-8916-7765E843364F}.Release|x64.ActiveCfg = Release|x64
		{40A0917C-949C-4E1C-8916-7765E843364F}.Release|x64.Build.0 = Release|x64
		{40A0917C-949C-4E1C-8916-7765E843364F}.Release|x64.Deploy.0 = Release|x64
		{5799122F-58A6-4F4C-9873-148660B2B52F}.Debug|Win32.ActiveCfg = Debug|Win32
		{5799122F-58A6-4F4C-9873-148660B2B52F}.Debug|Win32.Build.0 = Debug|Win32
		{5799122F-58A6-4F4C-9873-148660B2B52F}.Debug|Win32.Deploy.0 = Debug|Win32
		{5799122F-58A6-4F4C-9873-148660B2B52F}.Debug|x64.ActiveCfg = Debug|x64
		{5799122F-58A6-4F4C-9873-148660B2B52F}.Debug|x64.Build.0 = Debug|x64
		{5799122F-58A6-4F4C-9873-148660B2B52F}.Debug|x64.Deploy.0 = Debug|x64
		{5799122F-58A6-4F4C-9873-148660B2B52F}.Release|Win32.ActiveCfg = Release|Win32
		{5799122F-58A6-4F4C-9873-148660B2B52F}.Release|Win32.Build.0 = Release|Win32
		{5799122F-58A6-4F4C-9873-148660B2B52F}.Release|Win32.Deploy.0 = Release|Win32
		{5799122F-58A6-4F4C-9873-148660B2B52F}.Release|x64.ActiveCfg = Release|x64
		{5799122F-58A6-4F4C-9873-148660B2B52F}.Release|x64.Build.0 = Release|x64
		{5799122F-58A6-4F4C-9873-148660B2B52F}.Release|x64.Deploy.0 = Release|x64
		{0A561614-4520-4771-8860-202490505262}.Debug|Win32.ActiveCfg = Debug|Win32
		{0A561614-4520-4771-8860-202490505262}.Debug|Win32.Build.0 = Debug|Win32
		{0A561614-4520-4771-8860-202490505262}.Debug|Win32.Deploy.0 = Debug|Win32
		{0A561614-4520-4771-8860-202490505262}.Debug|x64.ActiveCfg = Debug|x64
		{0A561614-4520-4771-8860-202490505262}.Debug|x64.Build.0 = Debug|x64
		{0A561614-4520-4771-8860-202490505262}.Debug|x64.Deploy.0 = Debug|x64
		{0A561614-4520-4771-8860-202490505262}.Release|Win32.ActiveCfg = Release|Win32
		{0A561614-4520-4771-8860-202490505262}.Release|Win32.Build.0 = Release|Win32
		{0A561614-4520-4771-8860-202490505262}.Release|Win32.Deploy.0 = Release|Win32
		{0A561614-4520-4771-8860-202490505262}.Release|x64.ActiveCfg = Release|x64
		{0A561614-4520-4771-8860-202490505262}.Release|x64.Build.0 = Release|x64
		{0A561614-4520-4771-8860-202490505262}.Release|x64.Deploy.0 = Release|x64
		{4F492B4A-93C8-432A-A826-58ED39E9BE1C}.Debug|Win32.ActiveCfg = Debug|Win32
		{4F492B4A-93C8-432A-A826-58ED39E9BE1C}.Debug|Win32.Build.0 = Debug|Win32
		{4F492B4A-93C8-432A-A826-58ED39E9BE1C}.Debug|Win32.Deploy.0 = Debug|Win32
		{4F492B4A-93C8-432A-A826-58ED39E9BE1C}.Debug|x64.ActiveCfg = Debug|x64
		{4F492B4A-93C8-432A-A826-58ED39E9BE1C}.Debug|x64.Build.0 = Debug|x64
		{4F492B4A-93C8-432A-A826-58ED39E9BE1C}.Debug|x64.Deploy.0 = Debug|x64
		{4F492B4A-93C8-432A-A826-58ED39E9BE1C}.Release|Win32.ActiveCfg = Release|Win32
		{4F492B4A-93C8-432A-A826-58ED39E9BE1C}.Release|Win32.Build.0 = Release|Win32
		{4F492B4A-93C8-432A-A826-58ED39E9BE1C}.Release|Win32.Deploy.0 = Release|Win32
		{4F492B4A-93C8-432A-A826-58ED39E9BE1C}.Release|x64.ActiveCfg = Release|x64
		{4F492B4A-93C8-432A-A826-58ED39E9BE1C}.Release|x64.Build.0 = Release|x64
		{4F492B4A-93C8-432A-A826-58ED39E9BE1C}.Release|x64.Deploy.0 = Release|x64
		{37A4795E-9D2A-48B7-B8CC-5418A0860C26}.Debug|Win32.ActiveCfg = Debug|Win32
		{37A4795E-9D2A-48B7-B8CC-5418A0860C26}.Debug|Win32.Build.0 = Debug|Win32
		{37A4795E-9D2A-48B7-B8CC-5418A0860C26}.Debug|Win32.Deploy.0 = Debug|Win32
		{37A4795E-9D2A-48B7-B8CC-5418A0860C26}.Debug|x64.ActiveCfg = Debug|x64
		{37A4795E-9D2A-48B7-B8CC-5418A0860C26}.Debug|x64.Build.0 = Debug|x64
		{37A4795E-9D2A-48B7-B8CC-5418A0860C26}.Debug|x64.Deploy.0 = Debug|x64
		{37A4795E-9D2A-48B7-B8CC-5418A0860C26}.Release|Win32.ActiveCfg = Release|Win32
		{37A4795E-9D2A-48B7-B8CC-5418A0860C26}.Release|Win32.Build.0 = Release|Win32
		{37A4795E-9D2A-48B7-B8CC-5418A0860C26}.Release|Win32.Deploy.0 = Release|Win32
		{37A4795E-9D2A-48B7-B8CC-5418A0860C26}.Release|x64.ActiveCfg = Release|x64
		{37A4795E-9D2A-48B7-B8CC-5418A0860C26}.Release|x64.Build.0 = Release|x64
		{37A4795E-9D2A-48B7-B8CC-5418A0860C26}.Release|x64.Deploy.0 = Release|x64
		{04E16CA5-CD32-4B29-97D6-2197FAB0A28A}.Debug|Win32.ActiveCfg = Debug|Win32
		{04E16CA5-CD32-4B29-97D6-2197FAB0A28A}.Debug|Win32.Build.0 = Debug|Win32
		{04E16CA5-CD32-4B29-97D6-2197FAB0A28A}.Debug|Win32.Deploy.0 = Debug|Win32
		{04E16CA5-CD32-4B29-97D6-2197FAB0A28A}.Debug|x64.ActiveCfg = Debug|x64
		{04E16CA5-CD32-4B29-97D6-2197FAB0A28A}.Debug|x64.Build.0 = Debug|x64
		{04E16CA5-CD32-4B29-97D6-2197FAB0A28A}.Debug|x64.Deploy.0 = Debug|x64
		{04E16CA5-CD32-4B29-97D6-2197FAB0A28A}.Release|Win32.ActiveCfg = Release|Win32
		{04E16CA5-CD32-4B29-97D6-2197FAB0A28A}.Release|Win32.Build.0 = Release|Win32
		{04E16CA5-CD32-4B29-97D6-2197FAB0A28A}.Release|Win32.Deploy.0 = Release|Win32
		{04E16CA5-CD32-4B29-97D6-2197FAB0A28A}.Release|x64.ActiveCfg = Release|x64
		{04E16CA5-CD32-4B29-97D6-2197FAB0A28A}.Release|x64.Build.0 = Release|x64
		{04E16CA5-CD32-4B29-97D6-2197FAB0A28A}.Release|x64.Deploy.0 = Release|x64
		{E6737170-8D70-4D3C-9B82-C34B554C285D}.Debug|Win32.ActiveCfg = Debug|Win32
		{E6737170-8D70-4D3C-9B82-C34B554C285D}.Debug|Win32.Build.0 = Debug|Win32
		{E6737170-8D70-4D3C-9B82-C34B554C285D}.Debug|Win32.Deploy.0 = Debug|Win32
		{E6737170-8D70-4D3C-9B82-C34B554C285D}.Debug|x64.ActiveCfg = Debug|x64
		{E6737170-8D70-4D3C-9B82-C34B554C285D}.Debug|x64.Build.0 = Debug|x64
		{E6737170-8D70-4D3C-9B82-C34B554C285D}.Debug|x64.Deploy.0 = Debug|x64
		{E6737170-8D70-4D3C-9B82-C34B554C285D}.Release|Win32.ActiveCfg = Release|Win32
		{E6737170-8D70-4D3C-9B82-C34B554C285D}.Release|Win32.Build.0 = Release|Win32
		{E6737170-8D70-4D3C-9B82-C34B554C285D}.Release|Win32.Deploy.0 = Release|Win32
		{E6737170-8D70-4D3C-9B82-C34B554C285D}.Release|x64.ActiveCfg = Release|x64
		{E6737170-8D70-4D3C-9B82-C34B554C285D}.Release|x64.Build.0 = Release|x64
		{E6737170-8D70-4D3C-9B82-C34B554C285D}.Release|x64.Deploy.0 = Release|x64
		{6D0F447D-8486-4ECD-91A8-E49786BF374C}.Debug|Win32.ActiveCfg = Debug|Win32
		{6D0F447D-8486-4ECD-91A8-E49786BF374C}.Debug|Win32.Build.0 = Debug|Win32
		{6D0F447D-8486-4ECD-91A8-E49786BF374C}.Debug|Win32.Deploy.0 = Debug|Win32
		{6D0F447D-8486-4ECD-91A8-E49786BF374C}.Debug|x64.ActiveCfg = Debug|x64
		{6D0F447D-8486-4ECD-91A8-E49786BF374C}.Debug|x64.Build.0 = Debug|x64
		{6D0F447D-8486-4ECD-91A8-E49786BF374C}.Debug|x64.Deploy.0 = Debug|x64
		{6D0F447D-8486-4ECD-91A8-E49786BF374C}.Release|Win32.ActiveCfg = Release|Win32
		{6D0F447D-8486-4ECD-91A8-E49786BF374C}.Release|Win32.Build.0 = Release|Win32
		{6D0F447D-8486-4ECD-91A8-E49786BF374C}.Release|Win32.Deploy.0 = Release|Win32
		{6D0F447D-8486-4ECD-91A8-E49786BF374C}.Release|x64.ActiveCfg = Release|x64
		{6D0F447D-8486-4ECD-91A8-E49786BF374C}.Release|x64.Build.0 = Release|x64
		{6D0F447D-8486-4ECD-91A8-E49786BF374C}.Release|x64.Deploy.0 = Release|x64
		{3A1E92FC-A78B-49AB-A748-E4F0CD38C1C1}.Debug|Win32.ActiveCfg = Debug|Win32
		{3A1E92FC-A78B-49AB-A748-E4F0CD38C1C1}.Debug|Win32.Build.0 = Debug|Win32
		{3A1E92FC-A78B-49AB-A748-E4F0CD38C1C1}.Debug|Win32.Deploy.0 = Debug|Win32
		{3A1E92FC-A78B-49AB-A748-E4F0CD38C1C1}.Debug|x64.ActiveCfg = Debug|x64
		{3A1E92FC-A78B-49AB-A748-E4F0CD38C1C1}.Debug|x64.Build.0 = Debug|x64
		{3A1E92FC-A78B-49AB-A748-E4F0CD38C1C1}.Debug|x64.Deploy.0 = Debug|x64
		{3A1E92FC-A78B-49AB-A748-E4F0CD38C1C1}.Release|Win32.ActiveCfg = Release|Win32
		{3A1E92FC-A78B-49AB-A748-E4F0CD38C1C1}.Release|Win32.Build.0 = Release|Win32
		{3A1E92FC-A78B-49AB-A748-E4F0CD38C1C1}.Release|Win32.Deploy.0 = Release|Win32
		{3A1E92FC-A78B-49AB-A748-E4F0CD38C1C1}.Release|x64.ActiveCfg = Release|x64
		{3A1E92FC-A78B-49AB-A748-E4F0CD38C1C1}.Release|x64.Build.0 = Release|x64
		{3A1E92FC-A78B-49AB-A748-E4F0CD38C1C1}.Release|x64.Deploy.0 = Release|x64
		{DE577323-A36C-4271-AD36-A16FCF7564F5}.Debug|Win32.ActiveCfg = Debug|Win32
		{DE577323-A36C-4271-AD36-A16FCF7564F5}.Debug|Win32.Build.0 = Debug|Win32
		{DE577323-A36C-4271-AD36-A16FCF7564F5}.Debug|Win32.Deploy.0 = Debug|Win32
		{DE577323-A36C-4271-AD36-A16FCF7564F5}.Debug|x64.ActiveCfg = Debug|x64
		{DE577323-A36C-4271-AD36-A16FCF7564F5}.Debug|x64.Build.0 = Debug|x64
		{DE577323-A36C-4271-AD36-A16FCF7564F5}.Debug|x64.Deploy.0 = Debug|x64
		{DE577323-A36C-4271-AD36-A16FCF7564F5}.Release|Win32.ActiveCfg = Release|Win32
		{DE577323-A36C-4271-AD36-A16FCF7564F5}.Release|Win32.Build.0 = Release|Win32
		{DE577323-A36C-4271-AD36-A16FCF7564F5}.Release|Win32.Deploy.0 = Release|Win32
		{DE577323-A36C-4271-AD36-A16FCF7564F5}.Release|x64.ActiveCfg = Release|x64
		{DE577323-A36C-4271-AD36-A16FCF7564F5}.Release|x64.Build.0 = Release|x64
		{DE577323-A36C-4271-AD36-A16FCF7564F5}.Release|x64.Deploy.0 = Release|x64
	EndGlobalSection
	GlobalSection(SolutionProperties) = preSolution
		HideSolutionNode = FALSE
	EndGlobalSection
EndGlobal
