
Microsoft Visual Studio Solution File, Format Version 12.00
# Visual Studio 15
VisualStudioVersion = 15.0.27130.2024
MinimumVisualStudioVersion = 10.0.40219.1
Project("{8BC9CEB8-8B4A-11D0-8D11-00A0C91BC942}") = "TetraiderEngine", "TetraiderEngine\TetraiderEngine.vcxproj", "{3D9758DE-D09F-499F-BF86-1ADC16174BA2}"
EndProject
Global
	GlobalSection(SolutionConfigurationPlatforms) = preSolution
		Debug|x64 = Debug|x64
		Debug|x86 = Debug|x86
		Release|x64 = Release|x64
		Release|x86 = Release|x86
	EndGlobalSection
	GlobalSection(ProjectConfigurationPlatforms) = postSolution
		{3D9758DE-D09F-499F-BF86-1ADC16174BA2}.Debug|x64.ActiveCfg = Debug|x64
		{3D9758DE-D09F-499F-BF86-1ADC16174BA2}.Debug|x64.Build.0 = Debug|x64
		{3D9758DE-D09F-499F-BF86-1ADC16174BA2}.Debug|x86.ActiveCfg = Debug|Win32
		{3D9758DE-D09F-499F-BF86-1ADC16174BA2}.Debug|x86.Build.0 = Debug|Win32
		{3D9758DE-D09F-499F-BF86-1ADC16174BA2}.Release|x64.ActiveCfg = Release|x64
		{3D9758DE-D09F-499F-BF86-1ADC16174BA2}.Release|x64.Build.0 = Release|x64
		{3D9758DE-D09F-499F-BF86-1ADC16174BA2}.Release|x86.ActiveCfg = Release|Win32
		{3D9758DE-D09F-499F-BF86-1ADC16174BA2}.Release|x86.Build.0 = Release|Win32
	EndGlobalSection
	GlobalSection(SolutionProperties) = preSolution
		HideSolutionNode = FALSE
	EndGlobalSection
	GlobalSection(ExtensibilityGlobals) = postSolution
		SolutionGuid = {654A0D24-8647-4FB0-9ABD-CD607BD4A95C}
	EndGlobalSection
EndGlobal
