
Microsoft Visual Studio Solution File, Format Version 11.00
# Visual Studio 2010
Project("{8BC9CEB8-8B4A-11D0-8D11-00A0C91BC942}") = "3d", "3d.vcxproj", "{8AB3E5B8-5610-461E-995B-1CAA2761F708}"
EndProject
Project("{8BC9CEB8-8B4A-11D0-8D11-00A0C91BC942}") = "3d_multi", "3d_multi.vcxproj", "{6AA9FCE8-4D68-4D34-95B7-30A877CB8F42}"
EndProject
Project("{8BC9CEB8-8B4A-11D0-8D11-00A0C91BC942}") = "event_parameter", "event_parameter.vcxproj", "{A356C7E1-7890-44EC-A63D-6CD7B1706C6D}"
EndProject
Project("{8BC9CEB8-8B4A-11D0-8D11-00A0C91BC942}") = "load_banks", "load_banks.vcxproj", "{4302C05E-27A9-4B0C-A93F-31F16CAB88CA}"
EndProject
Project("{8BC9CEB8-8B4A-11D0-8D11-00A0C91BC942}") = "music_callbacks", "music_callbacks.vcxproj", "{5627783A-0DCC-4995-8A69-9D09D8C8F6A0}"
EndProject
Project("{8BC9CEB8-8B4A-11D0-8D11-00A0C91BC942}") = "objectpan", "objectpan.vcxproj", "{6586D672-D4A5-47BE-99BC-48343F6E93DA}"
EndProject
Project("{8BC9CEB8-8B4A-11D0-8D11-00A0C91BC942}") = "programmer_sound", "programmer_sound.vcxproj", "{8F1AAE8B-CA32-441C-88F6-426D6C07F42A}"
EndProject
Project("{8BC9CEB8-8B4A-11D0-8D11-00A0C91BC942}") = "recording_playback", "recording_playback.vcxproj", "{6540C4D4-FC31-461E-B74F-5C025D1AF2FA}"
EndProject
Project("{8BC9CEB8-8B4A-11D0-8D11-00A0C91BC942}") = "simple_event", "simple_event.vcxproj", "{F4D2907D-47E4-454A-B770-64868D0B5385}"
EndProject
Global
	GlobalSection(SolutionConfigurationPlatforms) = preSolution
		Debug|Win32 = Debug|Win32
		Debug|x64 = Debug|x64
		Release|Win32 = Release|Win32
		Release|x64 = Release|x64
	EndGlobalSection
	GlobalSection(ProjectConfigurationPlatforms) = postSolution
		{8AB3E5B8-5610-461E-995B-1CAA2761F708}.Debug|Win32.ActiveCfg = Debug|Win32
		{8AB3E5B8-5610-461E-995B-1CAA2761F708}.Debug|Win32.Build.0 = Debug|Win32
		{8AB3E5B8-5610-461E-995B-1CAA2761F708}.Debug|Win32.Deploy.0 = Debug|Win32
		{8AB3E5B8-5610-461E-995B-1CAA2761F708}.Debug|x64.ActiveCfg = Debug|x64
		{8AB3E5B8-5610-461E-995B-1CAA2761F708}.Debug|x64.Build.0 = Debug|x64
		{8AB3E5B8-5610-461E-995B-1CAA2761F708}.Debug|x64.Deploy.0 = Debug|x64
		{8AB3E5B8-5610-461E-995B-1CAA2761F708}.Release|Win32.ActiveCfg = Release|Win32
		{8AB3E5B8-5610-461E-995B-1CAA2761F708}.Release|Win32.Build.0 = Release|Win32
		{8AB3E5B8-5610-461E-995B-1CAA2761F708}.Release|Win32.Deploy.0 = Release|Win32
		{8AB3E5B8-5610-461E-995B-1CAA2761F708}.Release|x64.ActiveCfg = Release|x64
		{8AB3E5B8-5610-461E-995B-1CAA2761F708}.Release|x64.Build.0 = Release|x64
		{8AB3E5B8-5610-461E-995B-1CAA2761F708}.Release|x64.Deploy.0 = Release|x64
		{6AA9FCE8-4D68-4D34-95B7-30A877CB8F42}.Debug|Win32.ActiveCfg = Debug|Win32
		{6AA9FCE8-4D68-4D34-95B7-30A877CB8F42}.Debug|Win32.Build.0 = Debug|Win32
		{6AA9FCE8-4D68-4D34-95B7-30A877CB8F42}.Debug|Win32.Deploy.0 = Debug|Win32
		{6AA9FCE8-4D68-4D34-95B7-30A877CB8F42}.Debug|x64.ActiveCfg = Debug|x64
		{6AA9FCE8-4D68-4D34-95B7-30A877CB8F42}.Debug|x64.Build.0 = Debug|x64
		{6AA9FCE8-4D68-4D34-95B7-30A877CB8F42}.Debug|x64.Deploy.0 = Debug|x64
		{6AA9FCE8-4D68-4D34-95B7-30A877CB8F42}.Release|Win32.ActiveCfg = Release|Win32
		{6AA9FCE8-4D68-4D34-95B7-30A877CB8F42}.Release|Win32.Build.0 = Release|Win32
		{6AA9FCE8-4D68-4D34-95B7-30A877CB8F42}.Release|Win32.Deploy.0 = Release|Win32
		{6AA9FCE8-4D68-4D34-95B7-30A877CB8F42}.Release|x64.ActiveCfg = Release|x64
		{6AA9FCE8-4D68-4D34-95B7-30A877CB8F42}.Release|x64.Build.0 = Release|x64
		{6AA9FCE8-4D68-4D34-95B7-30A877CB8F42}.Release|x64.Deploy.0 = Release|x64
		{A356C7E1-7890-44EC-A63D-6CD7B1706C6D}.Debug|Win32.ActiveCfg = Debug|Win32
		{A356C7E1-7890-44EC-A63D-6CD7B1706C6D}.Debug|Win32.Build.0 = Debug|Win32
		{A356C7E1-7890-44EC-A63D-6CD7B1706C6D}.Debug|Win32.Deploy.0 = Debug|Win32
		{A356C7E1-7890-44EC-A63D-6CD7B1706C6D}.Debug|x64.ActiveCfg = Debug|x64
		{A356C7E1-7890-44EC-A63D-6CD7B1706C6D}.Debug|x64.Build.0 = Debug|x64
		{A356C7E1-7890-44EC-A63D-6CD7B1706C6D}.Debug|x64.Deploy.0 = Debug|x64
		{A356C7E1-7890-44EC-A63D-6CD7B1706C6D}.Release|Win32.ActiveCfg = Release|Win32
		{A356C7E1-7890-44EC-A63D-6CD7B1706C6D}.Release|Win32.Build.0 = Release|Win32
		{A356C7E1-7890-44EC-A63D-6CD7B1706C6D}.Release|Win32.Deploy.0 = Release|Win32
		{A356C7E1-7890-44EC-A63D-6CD7B1706C6D}.Release|x64.ActiveCfg = Release|x64
		{A356C7E1-7890-44EC-A63D-6CD7B1706C6D}.Release|x64.Build.0 = Release|x64
		{A356C7E1-7890-44EC-A63D-6CD7B1706C6D}.Release|x64.Deploy.0 = Release|x64
		{4302C05E-27A9-4B0C-A93F-31F16CAB88CA}.Debug|Win32.ActiveCfg = Debug|Win32
		{4302C05E-27A9-4B0C-A93F-31F16CAB88CA}.Debug|Win32.Build.0 = Debug|Win32
		{4302C05E-27A9-4B0C-A93F-31F16CAB88CA}.Debug|Win32.Deploy.0 = Debug|Win32
		{4302C05E-27A9-4B0C-A93F-31F16CAB88CA}.Debug|x64.ActiveCfg = Debug|x64
		{4302C05E-27A9-4B0C-A93F-31F16CAB88CA}.Debug|x64.Build.0 = Debug|x64
		{4302C05E-27A9-4B0C-A93F-31F16CAB88CA}.Debug|x64.Deploy.0 = Debug|x64
		{4302C05E-27A9-4B0C-A93F-31F16CAB88CA}.Release|Win32.ActiveCfg = Release|Win32
		{4302C05E-27A9-4B0C-A93F-31F16CAB88CA}.Release|Win32.Build.0 = Release|Win32
		{4302C05E-27A9-4B0C-A93F-31F16CAB88CA}.Release|Win32.Deploy.0 = Release|Win32
		{4302C05E-27A9-4B0C-A93F-31F16CAB88CA}.Release|x64.ActiveCfg = Release|x64
		{4302C05E-27A9-4B0C-A93F-31F16CAB88CA}.Release|x64.Build.0 = Release|x64
		{4302C05E-27A9-4B0C-A93F-31F16CAB88CA}.Release|x64.Deploy.0 = Release|x64
		{5627783A-0DCC-4995-8A69-9D09D8C8F6A0}.Debug|Win32.ActiveCfg = Debug|Win32
		{5627783A-0DCC-4995-8A69-9D09D8C8F6A0}.Debug|Win32.Build.0 = Debug|Win32
		{5627783A-0DCC-4995-8A69-9D09D8C8F6A0}.Debug|Win32.Deploy.0 = Debug|Win32
		{5627783A-0DCC-4995-8A69-9D09D8C8F6A0}.Debug|x64.ActiveCfg = Debug|x64
		{5627783A-0DCC-4995-8A69-9D09D8C8F6A0}.Debug|x64.Build.0 = Debug|x64
		{5627783A-0DCC-4995-8A69-9D09D8C8F6A0}.Debug|x64.Deploy.0 = Debug|x64
		{5627783A-0DCC-4995-8A69-9D09D8C8F6A0}.Release|Win32.ActiveCfg = Release|Win32
		{5627783A-0DCC-4995-8A69-9D09D8C8F6A0}.Release|Win32.Build.0 = Release|Win32
		{5627783A-0DCC-4995-8A69-9D09D8C8F6A0}.Release|Win32.Deploy.0 = Release|Win32
		{5627783A-0DCC-4995-8A69-9D09D8C8F6A0}.Release|x64.ActiveCfg = Release|x64
		{5627783A-0DCC-4995-8A69-9D09D8C8F6A0}.Release|x64.Build.0 = Release|x64
		{5627783A-0DCC-4995-8A69-9D09D8C8F6A0}.Release|x64.Deploy.0 = Release|x64
		{6586D672-D4A5-47BE-99BC-48343F6E93DA}.Debug|Win32.ActiveCfg = Debug|Win32
		{6586D672-D4A5-47BE-99BC-48343F6E93DA}.Debug|Win32.Build.0 = Debug|Win32
		{6586D672-D4A5-47BE-99BC-48343F6E93DA}.Debug|Win32.Deploy.0 = Debug|Win32
		{6586D672-D4A5-47BE-99BC-48343F6E93DA}.Debug|x64.ActiveCfg = Debug|x64
		{6586D672-D4A5-47BE-99BC-48343F6E93DA}.Debug|x64.Build.0 = Debug|x64
		{6586D672-D4A5-47BE-99BC-48343F6E93DA}.Debug|x64.Deploy.0 = Debug|x64
		{6586D672-D4A5-47BE-99BC-48343F6E93DA}.Release|Win32.ActiveCfg = Release|Win32
		{6586D672-D4A5-47BE-99BC-48343F6E93DA}.Release|Win32.Build.0 = Release|Win32
		{6586D672-D4A5-47BE-99BC-48343F6E93DA}.Release|Win32.Deploy.0 = Release|Win32
		{6586D672-D4A5-47BE-99BC-48343F6E93DA}.Release|x64.ActiveCfg = Release|x64
		{6586D672-D4A5-47BE-99BC-48343F6E93DA}.Release|x64.Build.0 = Release|x64
		{6586D672-D4A5-47BE-99BC-48343F6E93DA}.Release|x64.Deploy.0 = Release|x64
		{8F1AAE8B-CA32-441C-88F6-426D6C07F42A}.Debug|Win32.ActiveCfg = Debug|Win32
		{8F1AAE8B-CA32-441C-88F6-426D6C07F42A}.Debug|Win32.Build.0 = Debug|Win32
		{8F1AAE8B-CA32-441C-88F6-426D6C07F42A}.Debug|Win32.Deploy.0 = Debug|Win32
		{8F1AAE8B-CA32-441C-88F6-426D6C07F42A}.Debug|x64.ActiveCfg = Debug|x64
		{8F1AAE8B-CA32-441C-88F6-426D6C07F42A}.Debug|x64.Build.0 = Debug|x64
		{8F1AAE8B-CA32-441C-88F6-426D6C07F42A}.Debug|x64.Deploy.0 = Debug|x64
		{8F1AAE8B-CA32-441C-88F6-426D6C07F42A}.Release|Win32.ActiveCfg = Release|Win32
		{8F1AAE8B-CA32-441C-88F6-426D6C07F42A}.Release|Win32.Build.0 = Release|Win32
		{8F1AAE8B-CA32-441C-88F6-426D6C07F42A}.Release|Win32.Deploy.0 = Release|Win32
		{8F1AAE8B-CA32-441C-88F6-426D6C07F42A}.Release|x64.ActiveCfg = Release|x64
		{8F1AAE8B-CA32-441C-88F6-426D6C07F42A}.Release|x64.Build.0 = Release|x64
		{8F1AAE8B-CA32-441C-88F6-426D6C07F42A}.Release|x64.Deploy.0 = Release|x64
		{6540C4D4-FC31-461E-B74F-5C025D1AF2FA}.Debug|Win32.ActiveCfg = Debug|Win32
		{6540C4D4-FC31-461E-B74F-5C025D1AF2FA}.Debug|Win32.Build.0 = Debug|Win32
		{6540C4D4-FC31-461E-B74F-5C025D1AF2FA}.Debug|Win32.Deploy.0 = Debug|Win32
		{6540C4D4-FC31-461E-B74F-5C025D1AF2FA}.Debug|x64.ActiveCfg = Debug|x64
		{6540C4D4-FC31-461E-B74F-5C025D1AF2FA}.Debug|x64.Build.0 = Debug|x64
		{6540C4D4-FC31-461E-B74F-5C025D1AF2FA}.Debug|x64.Deploy.0 = Debug|x64
		{6540C4D4-FC31-461E-B74F-5C025D1AF2FA}.Release|Win32.ActiveCfg = Release|Win32
		{6540C4D4-FC31-461E-B74F-5C025D1AF2FA}.Release|Win32.Build.0 = Release|Win32
		{6540C4D4-FC31-461E-B74F-5C025D1AF2FA}.Release|Win32.Deploy.0 = Release|Win32
		{6540C4D4-FC31-461E-B74F-5C025D1AF2FA}.Release|x64.ActiveCfg = Release|x64
		{6540C4D4-FC31-461E-B74F-5C025D1AF2FA}.Release|x64.Build.0 = Release|x64
		{6540C4D4-FC31-461E-B74F-5C025D1AF2FA}.Release|x64.Deploy.0 = Release|x64
		{F4D2907D-47E4-454A-B770-64868D0B5385}.Debug|Win32.ActiveCfg = Debug|Win32
		{F4D2907D-47E4-454A-B770-64868D0B5385}.Debug|Win32.Build.0 = Debug|Win32
		{F4D2907D-47E4-454A-B770-64868D0B5385}.Debug|Win32.Deploy.0 = Debug|Win32
		{F4D2907D-47E4-454A-B770-64868D0B5385}.Debug|x64.ActiveCfg = Debug|x64
		{F4D2907D-47E4-454A-B770-64868D0B5385}.Debug|x64.Build.0 = Debug|x64
		{F4D2907D-47E4-454A-B770-64868D0B5385}.Debug|x64.Deploy.0 = Debug|x64
		{F4D2907D-47E4-454A-B770-64868D0B5385}.Release|Win32.ActiveCfg = Release|Win32
		{F4D2907D-47E4-454A-B770-64868D0B5385}.Release|Win32.Build.0 = Release|Win32
		{F4D2907D-47E4-454A-B770-64868D0B5385}.Release|Win32.Deploy.0 = Release|Win32
		{F4D2907D-47E4-454A-B770-64868D0B5385}.Release|x64.ActiveCfg = Release|x64
		{F4D2907D-47E4-454A-B770-64868D0B5385}.Release|x64.Build.0 = Release|x64
		{F4D2907D-47E4-454A-B770-64868D0B5385}.Release|x64.Deploy.0 = Release|x64
	EndGlobalSection
	GlobalSection(SolutionProperties) = preSolution
		HideSolutionNode = FALSE
	EndGlobalSection
EndGlobal
