<?xml version="1.0" encoding="utf-8"?>
<Project ToolsVersion="4.0" xmlns="http://schemas.microsoft.com/developer/msbuild/2003">
  <ItemGroup>
    <Filter Include="Source Files">
      <UniqueIdentifier>{4FC737F1-C7A5-4376-A066-2A32D752A2FF}</UniqueIdentifier>
      <Extensions>cpp;c;cc;cxx;def;odl;idl;hpj;bat;asm;asmx</Extensions>
    </Filter>
    <Filter Include="Resource Files">
      <UniqueIdentifier>{67DA6AB6-F800-4c08-8B7A-83BB121AAD01}</UniqueIdentifier>
      <Extensions>rc;ico;cur;bmp;dlg;rc2;rct;bin;rgs;gif;jpg;jpeg;jpe;resx;tiff;tif;png;wav;mfcribbon-ms</Extensions>
    </Filter>
    <Filter Include="Source Files\Math">
      <UniqueIdentifier>{5afa5e69-7bd8-4b79-af6e-4113777358a4}</UniqueIdentifier>
    </Filter>
    <Filter Include="Source Files\Math\Matrix">
      <UniqueIdentifier>{998e647a-c09b-4e46-a7ab-346acfc3802a}</UniqueIdentifier>
    </Filter>
    <Filter Include="Source Files\Math\Vector">
      <UniqueIdentifier>{11b98312-189f-47e9-a1a5-5dc282721ec5}</UniqueIdentifier>
    </Filter>
    <Filter Include="Source Files\Managers">
      <UniqueIdentifier>{4ae565c8-33b8-415a-9277-089eff1f278d}</UniqueIdentifier>
    </Filter>
    <Filter Include="External Libraries">
      <UniqueIdentifier>{e30e2385-76ab-413e-8445-76a17b8b6fa0}</UniqueIdentifier>
    </Filter>
    <Filter Include="Source Files\Utility">
      <UniqueIdentifier>{4cdcf74a-41cf-44e0-bb28-aab3948ee9c7}</UniqueIdentifier>
    </Filter>
    <Filter Include="Source Files\Components">
      <UniqueIdentifier>{cc11ef81-e092-48d9-972a-ebf27491c68f}</UniqueIdentifier>
    </Filter>
    <Filter Include="Source Files\Rendering">
      <UniqueIdentifier>{85e74455-4a57-42e9-b111-40779270da80}</UniqueIdentifier>
    </Filter>
    <Filter Include="Source Files\Events">
      <UniqueIdentifier>{ece808c0-b832-435b-958e-3cf46d5fecbf}</UniqueIdentifier>
    </Filter>
    <Filter Include="Source Files\Rendering\Shaders">
      <UniqueIdentifier>{ef2b9fe1-0d95-4562-a637-a4dd4abf36d5}</UniqueIdentifier>
    </Filter>
    <Filter Include="Source Files\Components\Base">
      <UniqueIdentifier>{d08c12c4-e8eb-434a-aac0-0c039c9ef8d7}</UniqueIdentifier>
    </Filter>
    <Filter Include="Source Files\Attacks">
      <UniqueIdentifier>{c9ac6b1c-e652-47cf-97bd-8f4d7f77f894}</UniqueIdentifier>
    </Filter>
    <Filter Include="Source Files\Components\Agent">
      <UniqueIdentifier>{78a3f263-653d-4465-a751-b9d1117b5176}</UniqueIdentifier>
    </Filter>
    <Filter Include="Source Files\Components\Rendering">
      <UniqueIdentifier>{b551e53c-0ea7-41a0-ad3e-e91f4448a92b}</UniqueIdentifier>
    </Filter>
    <Filter Include="Source Files\Components\Physics">
      <UniqueIdentifier>{49cb5f88-a1b8-4f19-bb23-985e48ba1ac8}</UniqueIdentifier>
    </Filter>
    <Filter Include="Source Files\Components\UI">
      <UniqueIdentifier>{34d3bb44-0a13-48ab-ac8c-ba3fe4c1bc4c}</UniqueIdentifier>
    </Filter>
    <Filter Include="Source Files\Components\Weapons">
      <UniqueIdentifier>{286076f6-549c-4c09-876f-7a7d70037f88}</UniqueIdentifier>
    </Filter>
    <Filter Include="Source Files\Components\Rendering\Lights">
      <UniqueIdentifier>{5da15059-b532-4b92-86e5-3a0df7f97f27}</UniqueIdentifier>
    </Filter>
    <Filter Include="Source Files\FiniteStateMachine">
      <UniqueIdentifier>{ecda41e7-0b7f-47c3-a492-7dbe37f83be6}</UniqueIdentifier>
    </Filter>
    <Filter Include="Source Files\FiniteStateMachine\Base">
      <UniqueIdentifier>{9fd2e68d-45f5-4e7d-b143-fc62870265c7}</UniqueIdentifier>
    </Filter>
    <Filter Include="Source Files\Components\Movement">
      <UniqueIdentifier>{f20af27b-80c8-4467-a507-769e80868309}</UniqueIdentifier>
    </Filter>
    <Filter Include="Source Files\Components\Audio">
      <UniqueIdentifier>{1b3579bb-f79b-4dc9-afc1-2a2382d33f70}</UniqueIdentifier>
    </Filter>
    <Filter Include="External Libraries\Imgui">
      <UniqueIdentifier>{b3c58e10-68a8-470e-811b-5d23e0353519}</UniqueIdentifier>
    </Filter>
  </ItemGroup>
  <ItemGroup>
    <ClCompile Include="Source\Math\Vector3D.cpp">
      <Filter>Source Files\Math\Vector</Filter>
    </ClCompile>
    <ClCompile Include="Source\Math\Vector2D.cpp">
      <Filter>Source Files\Math\Vector</Filter>
    </ClCompile>
    <ClCompile Include="Source\Math\Matrix4x4.cpp">
      <Filter>Source Files\Math\Matrix</Filter>
    </ClCompile>
    <ClCompile Include="Source\Math\Matrix2x2.cpp">
      <Filter>Source Files\Math\Matrix</Filter>
    </ClCompile>
    <ClCompile Include="Source\Math\Matrix3x3.cpp">
      <Filter>Source Files\Math\Matrix</Filter>
    </ClCompile>
    <ClCompile Include="Source\Math\LineSegment2D.cpp">
      <Filter>Source Files\Math</Filter>
    </ClCompile>
    <ClCompile Include="Source\JsonReader.cpp">
      <Filter>Source Files\Utility</Filter>
    </ClCompile>
    <ClCompile Include="Source\FrameRateManager.cpp">
      <Filter>Source Files\Managers</Filter>
    </ClCompile>
    <ClCompile Include="Source\GameObjectManager.cpp">
      <Filter>Source Files\Managers</Filter>
    </ClCompile>
    <ClCompile Include="Source\InputManager.cpp">
      <Filter>Source Files\Managers</Filter>
    </ClCompile>
    <ClCompile Include="Source\RenderManager.cpp">
      <Filter>Source Files\Managers</Filter>
    </ClCompile>
    <ClCompile Include="Source\ResourceManager.cpp">
      <Filter>Source Files\Managers</Filter>
    </ClCompile>
    <ClCompile Include="Source\main.cpp">
      <Filter>Source Files</Filter>
    </ClCompile>
    <ClCompile Include="Source\Shader.cpp">
      <Filter>Source Files\Rendering\Shaders</Filter>
    </ClCompile>
    <ClCompile Include="Source\ShaderProgram.cpp">
      <Filter>Source Files\Rendering\Shaders</Filter>
    </ClCompile>
    <ClCompile Include="Source\GameStateManager.cpp">
      <Filter>Source Files\Managers</Filter>
    </ClCompile>
    <ClCompile Include="Source\LevelManager.cpp">
      <Filter>Source Files\Managers</Filter>
    </ClCompile>
    <ClCompile Include="Source\DebugManager.cpp">
      <Filter>Source Files\Managers</Filter>
    </ClCompile>
    <ClCompile Include="Source\PhysicsManager.cpp">
      <Filter>Source Files\Managers</Filter>
    </ClCompile>
    <ClCompile Include="Source\Math\Collisions.cpp">
      <Filter>Source Files\Math</Filter>
    </ClCompile>
    <ClCompile Include="Source\DebugLineMesh.cpp">
      <Filter>Source Files\Rendering</Filter>
    </ClCompile>
    <ClCompile Include="Source\Mesh.cpp">
      <Filter>Source Files\Rendering</Filter>
    </ClCompile>
    <ClCompile Include="Source\EventManager.cpp">
      <Filter>Source Files\Managers</Filter>
    </ClCompile>
    <ClCompile Include="Source\SubscriberTracker.cpp">
      <Filter>Source Files\Events</Filter>
    </ClCompile>
    <ClCompile Include="Source\Subscriber.cpp">
      <Filter>Source Files\Events</Filter>
    </ClCompile>
    <ClCompile Include="Source\Event.cpp">
      <Filter>Source Files\Events</Filter>
    </ClCompile>
    <ClCompile Include="Source\TetraiderAPI.cpp">
      <Filter>Source Files</Filter>
    </ClCompile>
    <ClCompile Include="Source\Math\MathFunctions.cpp">
      <Filter>Source Files\Math</Filter>
    </ClCompile>
    <ClCompile Include="Source\GameConfig.cpp">
      <Filter>Source Files\Managers</Filter>
    </ClCompile>
    <ClCompile Include="Source\CamFollow.cpp">
      <Filter>Source Files\Components</Filter>
    </ClCompile>
    <ClCompile Include="Source\Transform.cpp">
      <Filter>Source Files\Components</Filter>
    </ClCompile>
    <ClCompile Include="Source\FlashOnTakeDamage.cpp">
      <Filter>Source Files\Components</Filter>
    </ClCompile>
    <ClCompile Include="Source\Health.cpp">
      <Filter>Source Files\Components</Filter>
    </ClCompile>
    <ClCompile Include="Source\ComponentFactory.cpp">
      <Filter>Source Files\Components\Base</Filter>
    </ClCompile>
    <ClCompile Include="Source\GameObject.cpp">
      <Filter>Source Files\Components\Base</Filter>
    </ClCompile>
    <ClCompile Include="Source\AudioManager.cpp">
      <Filter>Source Files\Managers</Filter>
    </ClCompile>
    <ClCompile Include="Source\Attack.cpp">
      <Filter>Source Files\Attacks</Filter>
    </ClCompile>
    <ClCompile Include="Source\MeleeAttack.cpp">
      <Filter>Source Files\Attacks</Filter>
    </ClCompile>
    <ClCompile Include="Source\RangeAttack.cpp">
      <Filter>Source Files\Attacks</Filter>
    </ClCompile>
    <ClCompile Include="Source\Projectile.cpp">
      <Filter>Source Files\Components</Filter>
    </ClCompile>
    <ClCompile Include="Source\Agent.cpp">
      <Filter>Source Files\Components\Agent</Filter>
    </ClCompile>
    <ClCompile Include="Source\Controller.cpp">
      <Filter>Source Files\Components\Agent</Filter>
    </ClCompile>
    <ClCompile Include="Source\NPCController.cpp">
      <Filter>Source Files\Components\Agent</Filter>
    </ClCompile>
    <ClCompile Include="Source\MemoryManager.cpp">
      <Filter>Source Files\Managers</Filter>
    </ClCompile>
    <ClCompile Include="Source\DestroyOnHealthZero.cpp">
      <Filter>Source Files\Components</Filter>
    </ClCompile>
    <ClCompile Include="Source\DealDamageOnCollision.cpp">
      <Filter>Source Files\Components</Filter>
    </ClCompile>
    <ClCompile Include="Source\ProjectileSpawner.cpp">
      <Filter>Source Files\Components</Filter>
    </ClCompile>
    <ClCompile Include="Source\ScaleByHPStamina.cpp">
      <Filter>Source Files\Components</Filter>
    </ClCompile>
    <ClCompile Include="Source\AOEAttack.cpp">
      <Filter>Source Files\Attacks</Filter>
    </ClCompile>
    <ClCompile Include="Source\FloorPlanGenerator.cpp">
      <Filter>Source Files\Managers</Filter>
    </ClCompile>
    <ClCompile Include="Source\Stamina.cpp">
      <Filter>Source Files\Components</Filter>
    </ClCompile>
    <ClCompile Include="Source\Collectible.cpp">
      <Filter>Source Files\Components</Filter>
    </ClCompile>
    <ClCompile Include="Source\SpawnOnHealthZero.cpp">
      <Filter>Source Files\Components</Filter>
    </ClCompile>
    <ClCompile Include="Source\LevelStatus.cpp">
      <Filter>Source Files\Components</Filter>
    </ClCompile>
    <ClCompile Include="Source\AI_Attack.cpp">
      <Filter>Source Files\FiniteStateMachine</Filter>
    </ClCompile>
    <ClCompile Include="Source\AI_Engage.cpp">
      <Filter>Source Files\FiniteStateMachine</Filter>
    </ClCompile>
    <ClCompile Include="Source\AI_Idle.cpp">
      <Filter>Source Files\FiniteStateMachine</Filter>
    </ClCompile>
    <ClCompile Include="Source\AI_MoveToRandomPointInZone.cpp">
      <Filter>Source Files\FiniteStateMachine</Filter>
    </ClCompile>
    <ClCompile Include="Source\AI_Retreat.cpp">
      <Filter>Source Files\FiniteStateMachine</Filter>
    </ClCompile>
    <ClCompile Include="Source\AI_StateFactory.cpp">
      <Filter>Source Files\FiniteStateMachine\Base</Filter>
    </ClCompile>
    <ClCompile Include="Source\AI_DashingAttack.cpp">
      <Filter>Source Files\FiniteStateMachine</Filter>
    </ClCompile>
    <ClCompile Include="Source\AI_DashingEngage.cpp">
      <Filter>Source Files\FiniteStateMachine</Filter>
    </ClCompile>
    <ClCompile Include="Source\Animation.cpp">
      <Filter>Source Files\Components\Rendering</Filter>
    </ClCompile>
    <ClCompile Include="Source\ParticleEmitter.cpp">
      <Filter>Source Files\Components\Rendering</Filter>
    </ClCompile>
    <ClCompile Include="Source\Sprite.cpp">
      <Filter>Source Files\Components\Rendering</Filter>
    </ClCompile>
    <ClCompile Include="Source\Camera.cpp">
      <Filter>Source Files\Components\Rendering</Filter>
    </ClCompile>
    <ClCompile Include="Source\Body.cpp">
      <Filter>Source Files\Components\Physics</Filter>
    </ClCompile>
    <ClCompile Include="Source\Text.cpp">
      <Filter>Source Files\Components\Rendering</Filter>
    </ClCompile>
    <ClCompile Include="Source\Weapon.cpp">
      <Filter>Source Files\Components\Weapons</Filter>
    </ClCompile>
    <ClCompile Include="Source\PointLight.cpp">
      <Filter>Source Files\Components\Rendering\Lights</Filter>
    </ClCompile>
    <ClCompile Include="Source\Button.cpp">
      <Filter>Source Files\Components\UI</Filter>
    </ClCompile>
    <ClCompile Include="Source\FollowCamera.cpp">
      <Filter>Source Files\Components\Movement</Filter>
    </ClCompile>
    <ClCompile Include="Source\ScreenWrap.cpp">
      <Filter>Source Files\Components\Movement</Filter>
    </ClCompile>
    <ClCompile Include="Source\SizeToScreen.cpp">
      <Filter>Source Files\Components\Movement</Filter>
    </ClCompile>
    <ClCompile Include="Source\SnapToCamera.cpp">
      <Filter>Source Files\Components\Movement</Filter>
    </ClCompile>
    <ClCompile Include="Source\AI_DashingStunned.cpp">
      <Filter>Source Files\FiniteStateMachine</Filter>
    </ClCompile>
    <ClCompile Include="Source\AI_IdleForDuration.cpp">
      <Filter>Source Files\FiniteStateMachine</Filter>
    </ClCompile>
    <ClCompile Include="Source\StraightLineMovement.cpp">
      <Filter>Source Files\Components\Movement</Filter>
    </ClCompile>
    <ClCompile Include="Source\Microphone.cpp">
      <Filter>Source Files\Components\Audio</Filter>
    </ClCompile>
    <ClCompile Include="Source\Audio.cpp">
      <Filter>Source Files\Components\Audio</Filter>
    </ClCompile>
    <ClCompile Include="Source\WaveMovement.cpp">
      <Filter>Source Files\Components\Movement</Filter>
    </ClCompile>
    <ClCompile Include="Source\AI_WalkTowardPlayerEngage.cpp">
      <Filter>Source Files\FiniteStateMachine</Filter>
    </ClCompile>
    <ClCompile Include="Source\AI_WalkTowardPlayerAttack.cpp">
      <Filter>Source Files\FiniteStateMachine</Filter>
    </ClCompile>
    <ClCompile Include="Source\ImguiManager.cpp">
      <Filter>Source Files\Managers</Filter>
    </ClCompile>
    <ClCompile Include="Source\External\Imgui\imgui.cpp">
      <Filter>External Libraries\Imgui</Filter>
    </ClCompile>
    <ClCompile Include="Source\External\Imgui\imgui_demo.cpp">
      <Filter>External Libraries\Imgui</Filter>
    </ClCompile>
    <ClCompile Include="Source\External\Imgui\imgui_draw.cpp">
      <Filter>External Libraries\Imgui</Filter>
    </ClCompile>
    <ClCompile Include="Source\External\Imgui\imgui_impl_sdl_gl3.cpp">
      <Filter>External Libraries\Imgui</Filter>
    </ClCompile>
    <ClCompile Include="Source\LevelEditor.cpp">
      <Filter>Source Files\Managers</Filter>
    </ClCompile>
    <ClCompile Include="Source\Stdafx.cpp">
      <Filter>Source Files</Filter>
    </ClCompile>
    <ClCompile Include="Source\LightBase.cpp">
      <Filter>Source Files\Components\Rendering\Lights</Filter>
    </ClCompile>
    <ClCompile Include="Source\ScriptedAnimation.cpp">
      <Filter>Source Files\Components</Filter>
    </ClCompile>
    <ClCompile Include="Source\UICounter.cpp">
      <Filter>Source Files\Components\UI</Filter>
    </ClCompile>
    <ClCompile Include="Source\EggCounter.cpp">
      <Filter>Source Files\Components\UI</Filter>
    </ClCompile>
    <ClCompile Include="Source\FollowCursor.cpp">
      <Filter>Source Files\Components\UI</Filter>
    </ClCompile>
    <ClCompile Include="Source\WinMessage.cpp">
      <Filter>Source Files\Components\UI</Filter>
    </ClCompile>
    <ClCompile Include="Source\Canvas.cpp">
      <Filter>Source Files\Components\UI</Filter>
    </ClCompile>
    <ClCompile Include="Source\UIManager.cpp">
      <Filter>Source Files\Managers</Filter>
    </ClCompile>
    <ClCompile Include="Source\Slider.cpp">
      <Filter>Source Files\Components\UI</Filter>
    </ClCompile>
    <ClCompile Include="Source\Endpoints.cpp">
      <Filter>Source Files\Components\UI</Filter>
    </ClCompile>
    <ClCompile Include="Source\PlayerStatsManager.cpp">
      <Filter>Source Files\Managers</Filter>
    </ClCompile>
    <ClCompile Include="Source\AI_HitNRunEngage.cpp">
      <Filter>Source Files\FiniteStateMachine</Filter>
    </ClCompile>
    <ClCompile Include="Source\AI_HitNRunRetreat.cpp">
      <Filter>Source Files\FiniteStateMachine</Filter>
    </ClCompile>
    <ClCompile Include="Source\PowerUpButton.cpp">
      <Filter>Source Files\Components\UI</Filter>
    </ClCompile>
    <ClCompile Include="Source\PostProcessing.cpp">
      <Filter>Source Files\Rendering</Filter>
    </ClCompile>
    <ClCompile Include="Source\FrameBufferObject.cpp">
      <Filter>Source Files\Rendering</Filter>
    </ClCompile>
    <ClCompile Include="Source\ImageRenderer.cpp">
      <Filter>Source Files\Rendering</Filter>
    </ClCompile>
    <ClCompile Include="Source\Shop.cpp">
      <Filter>Source Files\Components</Filter>
    </ClCompile>
    <ClCompile Include="Source\NotEnoughGoldFeathers.cpp">
      <Filter>Source Files\Components\UI</Filter>
    </ClCompile>
    <ClCompile Include="Source\AI_HitNRunAttack.cpp">
      <Filter>Source Files\FiniteStateMachine</Filter>
    </ClCompile>
    <ClCompile Include="Source\AI_BomberAttack.cpp">
      <Filter>Source Files\FiniteStateMachine</Filter>
    </ClCompile>
    <ClCompile Include="Source\AI_BomberRetreat.cpp">
      <Filter>Source Files\FiniteStateMachine</Filter>
    </ClCompile>
    <ClCompile Include="Source\GateTriggerBox.cpp">
      <Filter>Source Files\Components</Filter>
    </ClCompile>
    <ClCompile Include="Source\Gate.cpp">
      <Filter>Source Files\Components</Filter>
    </ClCompile>
    <ClCompile Include="Source\CutScene.cpp">
      <Filter>Source Files\Components</Filter>
    </ClCompile>
    <ClCompile Include="Source\AI_Reaction.cpp">
      <Filter>Source Files\FiniteStateMachine</Filter>
    </ClCompile>
    <ClCompile Include="Source\Spawner.cpp">
      <Filter>Source Files\Components</Filter>
    </ClCompile>
  </ItemGroup>
  <ItemGroup>
    <ClInclude Include="Source\External\json.hpp">
      <Filter>External Libraries</Filter>
    </ClInclude>
    <ClInclude Include="Source\TetraiderAPI.h">
      <Filter>Source Files</Filter>
    </ClInclude>
    <ClInclude Include="Source\JsonReader.h">
      <Filter>Source Files\Utility</Filter>
    </ClInclude>
    <ClInclude Include="Source\Layers.h">
      <Filter>Source Files\Utility</Filter>
    </ClInclude>
    <ClInclude Include="Source\Singleton.h">
      <Filter>Source Files\Utility</Filter>
    </ClInclude>
    <ClInclude Include="Source\Sorting.h">
      <Filter>Source Files\Utility</Filter>
    </ClInclude>
    <ClInclude Include="Source\Shader.h">
      <Filter>Source Files\Rendering\Shaders</Filter>
    </ClInclude>
    <ClInclude Include="Source\ShaderProgram.h">
      <Filter>Source Files\Rendering\Shaders</Filter>
    </ClInclude>
    <ClInclude Include="Source\DebugLineMesh.h">
      <Filter>Source Files\Rendering</Filter>
    </ClInclude>
    <ClInclude Include="Source\Mesh.h">
      <Filter>Source Files\Rendering</Filter>
    </ClInclude>
    <ClInclude Include="Source\SurfaceTextureBuffer.h">
      <Filter>Source Files\Rendering</Filter>
    </ClInclude>
    <ClInclude Include="Source\Math\Collisions.h">
      <Filter>Source Files\Math</Filter>
    </ClInclude>
    <ClInclude Include="Source\Math\LineSegment2D.h">
      <Filter>Source Files\Math</Filter>
    </ClInclude>
    <ClInclude Include="Source\Math\MathDefs.h">
      <Filter>Source Files\Math</Filter>
    </ClInclude>
    <ClInclude Include="Source\Math\MathFunctions.h">
      <Filter>Source Files\Math</Filter>
    </ClInclude>
    <ClInclude Include="Source\Math\Vector2D.h">
      <Filter>Source Files\Math\Vector</Filter>
    </ClInclude>
    <ClInclude Include="Source\Math\Vector3D.h">
      <Filter>Source Files\Math\Vector</Filter>
    </ClInclude>
    <ClInclude Include="Source\Math\Matrix2x2.h">
      <Filter>Source Files\Math\Matrix</Filter>
    </ClInclude>
    <ClInclude Include="Source\Math\Matrix3x3.h">
      <Filter>Source Files\Math\Matrix</Filter>
    </ClInclude>
    <ClInclude Include="Source\Math\Matrix4x4.h">
      <Filter>Source Files\Math\Matrix</Filter>
    </ClInclude>
    <ClInclude Include="Source\AudioManager.h">
      <Filter>Source Files\Managers</Filter>
    </ClInclude>
    <ClInclude Include="Source\DebugManager.h">
      <Filter>Source Files\Managers</Filter>
    </ClInclude>
    <ClInclude Include="Source\EventManager.h">
      <Filter>Source Files\Managers</Filter>
    </ClInclude>
    <ClInclude Include="Source\FrameRateManager.h">
      <Filter>Source Files\Managers</Filter>
    </ClInclude>
    <ClInclude Include="Source\GameConfig.h">
      <Filter>Source Files\Managers</Filter>
    </ClInclude>
    <ClInclude Include="Source\GameObjectManager.h">
      <Filter>Source Files\Managers</Filter>
    </ClInclude>
    <ClInclude Include="Source\GameStateManager.h">
      <Filter>Source Files\Managers</Filter>
    </ClInclude>
    <ClInclude Include="Source\InputManager.h">
      <Filter>Source Files\Managers</Filter>
    </ClInclude>
    <ClInclude Include="Source\LevelManager.h">
      <Filter>Source Files\Managers</Filter>
    </ClInclude>
    <ClInclude Include="Source\MemoryManager.h">
      <Filter>Source Files\Managers</Filter>
    </ClInclude>
    <ClInclude Include="Source\PhysicsManager.h">
      <Filter>Source Files\Managers</Filter>
    </ClInclude>
    <ClInclude Include="Source\RenderManager.h">
      <Filter>Source Files\Managers</Filter>
    </ClInclude>
    <ClInclude Include="Source\ResourceManager.h">
      <Filter>Source Files\Managers</Filter>
    </ClInclude>
    <ClInclude Include="Source\Event.h">
      <Filter>Source Files\Events</Filter>
    </ClInclude>
    <ClInclude Include="Source\EventNames.h">
      <Filter>Source Files\Events</Filter>
    </ClInclude>
    <ClInclude Include="Source\Subscriber.h">
      <Filter>Source Files\Events</Filter>
    </ClInclude>
    <ClInclude Include="Source\SubscriberTracker.h">
      <Filter>Source Files\Events</Filter>
    </ClInclude>
    <ClInclude Include="Source\Attack.h">
      <Filter>Source Files\Attacks</Filter>
    </ClInclude>
    <ClInclude Include="Source\MeleeAttack.h">
      <Filter>Source Files\Attacks</Filter>
    </ClInclude>
    <ClInclude Include="Source\RangeAttack.h">
      <Filter>Source Files\Attacks</Filter>
    </ClInclude>
    <ClInclude Include="Source\CamFollow.h">
      <Filter>Source Files\Components</Filter>
    </ClInclude>
    <ClInclude Include="Source\DealDamageOnCollision.h">
      <Filter>Source Files\Components</Filter>
    </ClInclude>
    <ClInclude Include="Source\DestroyOnHealthZero.h">
      <Filter>Source Files\Components</Filter>
    </ClInclude>
    <ClInclude Include="Source\FlashOnTakeDamage.h">
      <Filter>Source Files\Components</Filter>
    </ClInclude>
    <ClInclude Include="Source\Health.h">
      <Filter>Source Files\Components</Filter>
    </ClInclude>
    <ClInclude Include="Source\Projectile.h">
      <Filter>Source Files\Components</Filter>
    </ClInclude>
    <ClInclude Include="Source\Transform.h">
      <Filter>Source Files\Components</Filter>
    </ClInclude>
    <ClInclude Include="Source\Component.h">
      <Filter>Source Files\Components\Base</Filter>
    </ClInclude>
    <ClInclude Include="Source\ComponentFactory.h">
      <Filter>Source Files\Components\Base</Filter>
    </ClInclude>
    <ClInclude Include="Source\ComponentTypes.h">
      <Filter>Source Files\Components\Base</Filter>
    </ClInclude>
    <ClInclude Include="Source\ComponentTypesNames.h">
      <Filter>Source Files\Components\Base</Filter>
    </ClInclude>
    <ClInclude Include="Source\GameObject.h">
      <Filter>Source Files\Components\Base</Filter>
    </ClInclude>
    <ClInclude Include="Source\GameObjectTags.h">
      <Filter>Source Files\Components\Base</Filter>
    </ClInclude>
    <ClInclude Include="Source\TagNames.h">
      <Filter>Source Files\Components\Base</Filter>
    </ClInclude>
    <ClInclude Include="Source\Agent.h">
      <Filter>Source Files\Components\Agent</Filter>
    </ClInclude>
    <ClInclude Include="Source\Controller.h">
      <Filter>Source Files\Components\Agent</Filter>
    </ClInclude>
    <ClInclude Include="Source\NPCController.h">
      <Filter>Source Files\Components\Agent</Filter>
    </ClInclude>
    <ClInclude Include="Source\ProjectileSpawner.h">
      <Filter>Source Files\Components</Filter>
    </ClInclude>
    <ClInclude Include="Source\ScaleByHPStamina.h">
      <Filter>Source Files\Components</Filter>
    </ClInclude>
    <ClInclude Include="Source\AOEAttack.h">
      <Filter>Source Files\Attacks</Filter>
    </ClInclude>
    <ClInclude Include="Source\FloorPlanGenerator.h">
      <Filter>Source Files\Managers</Filter>
    </ClInclude>
    <ClInclude Include="Source\Stamina.h">
      <Filter>Source Files\Components</Filter>
    </ClInclude>
    <ClInclude Include="Source\MemoryManager.h">
      <Filter>Source Files\Managers</Filter>
    </ClInclude>
    <ClInclude Include="Source\MyArray.h">
      <Filter>Source Files\Utility</Filter>
    </ClInclude>
    <ClInclude Include="Source\Collectible.h">
      <Filter>Source Files\Components</Filter>
    </ClInclude>
    <ClInclude Include="Source\SpawnOnHealthZero.h">
      <Filter>Source Files\Components</Filter>
    </ClInclude>
    <ClInclude Include="Source\LevelStatus.h">
      <Filter>Source Files\Components</Filter>
    </ClInclude>
    <ClInclude Include="Source\AI_Attack.h">
      <Filter>Source Files\FiniteStateMachine</Filter>
    </ClInclude>
    <ClInclude Include="Source\AI_Engage.h">
      <Filter>Source Files\FiniteStateMachine</Filter>
    </ClInclude>
    <ClInclude Include="Source\AI_Idle.h">
      <Filter>Source Files\FiniteStateMachine</Filter>
    </ClInclude>
    <ClInclude Include="Source\AI_MoveToRandomPointInZone.h">
      <Filter>Source Files\FiniteStateMachine</Filter>
    </ClInclude>
    <ClInclude Include="Source\AI_Retreat.h">
      <Filter>Source Files\FiniteStateMachine</Filter>
    </ClInclude>
    <ClInclude Include="Source\AI_StateTypes.h">
      <Filter>Source Files\FiniteStateMachine\Base</Filter>
    </ClInclude>
    <ClInclude Include="Source\AI_StateTypeNames.h">
      <Filter>Source Files\FiniteStateMachine\Base</Filter>
    </ClInclude>
    <ClInclude Include="Source\AI_StateFactory.h">
      <Filter>Source Files\FiniteStateMachine\Base</Filter>
    </ClInclude>
    <ClInclude Include="Source\AI_State.h">
      <Filter>Source Files\FiniteStateMachine\Base</Filter>
    </ClInclude>
    <ClInclude Include="Source\AI_DashingAttack.h">
      <Filter>Source Files\FiniteStateMachine</Filter>
    </ClInclude>
    <ClInclude Include="Source\AI_DashingEngage.h">
      <Filter>Source Files\FiniteStateMachine</Filter>
    </ClInclude>
    <ClInclude Include="Source\Animation.h">
      <Filter>Source Files\Components\Rendering</Filter>
    </ClInclude>
    <ClInclude Include="Source\ParticleEmitter.h">
      <Filter>Source Files\Components\Rendering</Filter>
    </ClInclude>
    <ClInclude Include="Source\Sprite.h">
      <Filter>Source Files\Components\Rendering</Filter>
    </ClInclude>
    <ClInclude Include="Source\Camera.h">
      <Filter>Source Files\Components\Rendering</Filter>
    </ClInclude>
    <ClInclude Include="Source\Body.h">
      <Filter>Source Files\Components\Physics</Filter>
    </ClInclude>
    <ClInclude Include="Source\Text.h">
      <Filter>Source Files\Components\Rendering</Filter>
    </ClInclude>
    <ClInclude Include="Source\Weapon.h">
      <Filter>Source Files\Components\Weapons</Filter>
    </ClInclude>
    <ClInclude Include="Source\PointLight.h">
      <Filter>Source Files\Components\Rendering\Lights</Filter>
    </ClInclude>
    <ClInclude Include="Source\Color.h">
      <Filter>Source Files\Utility</Filter>
    </ClInclude>
    <ClInclude Include="Source\Button.h">
      <Filter>Source Files\Components\UI</Filter>
    </ClInclude>
    <ClInclude Include="Source\FollowCamera.h">
      <Filter>Source Files\Components\Movement</Filter>
    </ClInclude>
    <ClInclude Include="Source\ScreenWrap.h">
      <Filter>Source Files\Components\Movement</Filter>
    </ClInclude>
    <ClInclude Include="Source\SizeToScreen.h">
      <Filter>Source Files\Components\Movement</Filter>
    </ClInclude>
    <ClInclude Include="Source\SnapToCamera.h">
      <Filter>Source Files\Components\Movement</Filter>
    </ClInclude>
    <ClInclude Include="Source\AI_DashingStunned.h">
      <Filter>Source Files\FiniteStateMachine</Filter>
    </ClInclude>
    <ClInclude Include="Source\AI_IdleForDuration.h">
      <Filter>Source Files\FiniteStateMachine</Filter>
    </ClInclude>
    <ClInclude Include="Source\StraightLineMovement.h">
      <Filter>Source Files\Components\Movement</Filter>
    </ClInclude>
    <ClInclude Include="Source\Microphone.h">
      <Filter>Source Files\Components\Audio</Filter>
    </ClInclude>
    <ClInclude Include="Source\Audio.h">
      <Filter>Source Files\Components\Audio</Filter>
    </ClInclude>
    <ClInclude Include="Source\WaveMovement.h">
      <Filter>Source Files\Components\Movement</Filter>
    </ClInclude>
    <ClInclude Include="Source\AI_WalkTowardPlayerAttack.h">
      <Filter>Source Files\FiniteStateMachine</Filter>
    </ClInclude>
    <ClInclude Include="Source\AI_WalkTowardPlayerEngage.h">
      <Filter>Source Files\FiniteStateMachine</Filter>
    </ClInclude>
    <ClInclude Include="Source\ImguiManager.h">
      <Filter>Source Files\Managers</Filter>
    </ClInclude>
    <ClInclude Include="Source\External\Imgui\imconfig.h">
      <Filter>External Libraries\Imgui</Filter>
    </ClInclude>
    <ClInclude Include="Source\External\Imgui\imgui.h">
      <Filter>External Libraries\Imgui</Filter>
    </ClInclude>
    <ClInclude Include="Source\External\Imgui\imgui_impl_sdl_gl3.h">
      <Filter>External Libraries\Imgui</Filter>
    </ClInclude>
    <ClInclude Include="Source\External\Imgui\imgui_internal.h">
      <Filter>External Libraries\Imgui</Filter>
    </ClInclude>
    <ClInclude Include="Source\External\Imgui\stb_rect_pack.h">
      <Filter>External Libraries\Imgui</Filter>
    </ClInclude>
    <ClInclude Include="Source\External\Imgui\stb_textedit.h">
      <Filter>External Libraries\Imgui</Filter>
    </ClInclude>
    <ClInclude Include="Source\External\Imgui\stb_truetype.h">
      <Filter>External Libraries\Imgui</Filter>
    </ClInclude>
    <ClInclude Include="Source\LevelEditor.h">
      <Filter>Source Files\Managers</Filter>
    </ClInclude>
    <ClInclude Include="Source\Stdafx.h">
      <Filter>Source Files</Filter>
    </ClInclude>
    <ClInclude Include="Source\Global.h">
      <Filter>Source Files</Filter>
    </ClInclude>
    <ClInclude Include="Source\Debug.h">
      <Filter>Source Files\Utility</Filter>
    </ClInclude>
    <ClInclude Include="Source\Shape.h">
      <Filter>Source Files\Components\Physics</Filter>
    </ClInclude>
    <ClInclude Include="Source\LightBase.h">
      <Filter>Source Files\Components\Rendering\Lights</Filter>
    </ClInclude>
    <ClInclude Include="Source\Canvas.h">
      <Filter>Source Files\Components\UI</Filter>
    </ClInclude>
    <ClInclude Include="Source\UIManager.h">
      <Filter>Source Files\Managers</Filter>
    </ClInclude>
    <ClInclude Include="Source\CanvasTypeName.h">
      <Filter>Source Files\Components\UI</Filter>
    </ClInclude>
    <ClInclude Include="Source\FontInfo.h" />
    <ClInclude Include="Source\Slider.h">
      <Filter>Source Files\Components\UI</Filter>
    </ClInclude>
    <ClInclude Include="Source\FollowCursor.h">
      <Filter>Source Files\Components\UI</Filter>
    </ClInclude>
    <ClInclude Include="Source\Endpoints.h">
      <Filter>Source Files\Components\UI</Filter>
    </ClInclude>
    <ClInclude Include="Source\PlayerStatsManager.h">
      <Filter>Source Files\Managers</Filter>
    </ClInclude>
    <ClInclude Include="Source\AI_HitNRunEngage.h">
      <Filter>Source Files\FiniteStateMachine</Filter>
    </ClInclude>
    <ClInclude Include="Source\AI_HitNRunRetreat.h">
      <Filter>Source Files\FiniteStateMachine</Filter>
    </ClInclude>
    <ClInclude Include="Source\PowerUpButton.h">
      <Filter>Source Files\Components\UI</Filter>
    </ClInclude>
    <ClInclude Include="Source\PostProcessing.h">
      <Filter>Source Files\Rendering</Filter>
    </ClInclude>
    <ClInclude Include="Source\FrameBufferObject.h">
      <Filter>Source Files\Rendering</Filter>
    </ClInclude>
    <ClInclude Include="Source\ImageRenderer.h">
      <Filter>Source Files\Rendering</Filter>
    </ClInclude>
    <ClInclude Include="Source\Shop.h">
      <Filter>Source Files\Components</Filter>
    </ClInclude>
    <ClInclude Include="Source\NotEnoughGoldFeathers.h">
      <Filter>Source Files\Components\UI</Filter>
    </ClInclude>
    <ClInclude Include="Source\EggCounter.h">
      <Filter>Source Files\Components\UI</Filter>
    </ClInclude>
    <ClInclude Include="Source\UICounter.h">
      <Filter>Source Files\Components\UI</Filter>
    </ClInclude>
    <ClInclude Include="Source\WinMessage.h">
      <Filter>Source Files\Components\UI</Filter>
    </ClInclude>
    <ClInclude Include="Source\ScriptedAnimation.h">
      <Filter>Source Files\Components</Filter>
    </ClInclude>
    <ClInclude Include="Source\AI_HitNRunAttack.h">
      <Filter>Source Files\FiniteStateMachine</Filter>
    </ClInclude>
    <ClInclude Include="Source\AI_BomberRetreat.h">
      <Filter>Source Files\FiniteStateMachine</Filter>
    </ClInclude>
    <ClInclude Include="Source\AI_BomberAttack.h">
      <Filter>Source Files\FiniteStateMachine</Filter>
    </ClInclude>
    <ClInclude Include="Source\GateTriggerBox.h">
      <Filter>Source Files\Components</Filter>
    </ClInclude>
    <ClInclude Include="Source\Gate.h">
      <Filter>Source Files\Components</Filter>
    </ClInclude>
    <ClInclude Include="Source\CutScene.h">
      <Filter>Source Files\Components</Filter>
    </ClInclude>
    <ClInclude Include="Source\AI_Reaction.h">
      <Filter>Source Files\FiniteStateMachine</Filter>
    </ClInclude>
    <ClInclude Include="Source\Spawner.h">
      <Filter>Source Files\Components</Filter>
    </ClInclude>
    <ClInclude Include="Source\PowerUpData.h">
      <Filter>Source Files\Utility</Filter>
    </ClInclude>
  </ItemGroup>
</Project>