<?xml version="1.0" encoding="utf-8"?>
<Project ToolsVersion="4.0" xmlns="http://schemas.microsoft.com/developer/msbuild/2003">
  <ItemGroup>
    <Filter Include="Source Files">
      <UniqueIdentifier>{4FC737F1-C7A5-4376-A066-2A32D752A2FF}</UniqueIdentifier>
      <Extensions>cpp;c;cc;cxx;def;odl;idl;hpj;bat;asm;asmx</Extensions>
    </Filter>
    <Filter Include="Header Files">
      <UniqueIdentifier>{93995380-89BD-4b04-88EB-625FBE52EBFB}</UniqueIdentifier>
      <Extensions>h;hh;hpp;hxx;hm;inl;inc;xsd</Extensions>
    </Filter>
    <Filter Include="Resource Files">
      <UniqueIdentifier>{67DA6AB6-F800-4c08-8B7A-83BB121AAD01}</UniqueIdentifier>
      <Extensions>rc;ico;cur;bmp;dlg;rc2;rct;bin;rgs;gif;jpg;jpeg;jpe;resx;tiff;tif;png;wav;mfcribbon-ms</Extensions>
    </Filter>
    <Filter Include="Header Files\Math">
      <UniqueIdentifier>{e940ce22-07c2-414f-a828-84a98b3b5658}</UniqueIdentifier>
    </Filter>
    <Filter Include="Header Files\Math\Vector">
      <UniqueIdentifier>{7cb21f73-075a-4b6e-8e31-5fd4423b85ea}</UniqueIdentifier>
    </Filter>
    <Filter Include="Header Files\Math\Matrix">
      <UniqueIdentifier>{8e81bf07-ee7e-422b-80ce-790bb0732590}</UniqueIdentifier>
    </Filter>
    <Filter Include="Source Files\Math">
      <UniqueIdentifier>{5afa5e69-7bd8-4b79-af6e-4113777358a4}</UniqueIdentifier>
    </Filter>
    <Filter Include="Source Files\Math\Matrix">
      <UniqueIdentifier>{998e647a-c09b-4e46-a7ab-346acfc3802a}</UniqueIdentifier>
    </Filter>
    <Filter Include="Source Files\Math\Vector">
      <UniqueIdentifier>{11b98312-189f-47e9-a1a5-5dc282721ec5}</UniqueIdentifier>
    </Filter>
    <Filter Include="Header Files\Managers">
      <UniqueIdentifier>{06ccda4e-6f1e-42fd-8ec4-ffaba1113c59}</UniqueIdentifier>
    </Filter>
    <Filter Include="Source Files\Managers">
      <UniqueIdentifier>{4ae565c8-33b8-415a-9277-089eff1f278d}</UniqueIdentifier>
    </Filter>
    <Filter Include="External Libraries">
      <UniqueIdentifier>{e30e2385-76ab-413e-8445-76a17b8b6fa0}</UniqueIdentifier>
    </Filter>
    <Filter Include="Header Files\Utility">
      <UniqueIdentifier>{5a502b37-fc48-4c2b-b3ff-8d4bdf31a5f7}</UniqueIdentifier>
    </Filter>
    <Filter Include="Source Files\Utility">
      <UniqueIdentifier>{4cdcf74a-41cf-44e0-bb28-aab3948ee9c7}</UniqueIdentifier>
    </Filter>
    <Filter Include="Header Files\Components">
      <UniqueIdentifier>{8e938e7a-9dd2-42ea-8db1-bb6fef224bd3}</UniqueIdentifier>
    </Filter>
    <Filter Include="Source Files\Components">
      <UniqueIdentifier>{cc11ef81-e092-48d9-972a-ebf27491c68f}</UniqueIdentifier>
    </Filter>
    <Filter Include="Header Files\Rendering">
      <UniqueIdentifier>{80bbbe93-f1f6-433b-a031-ce6f0b8e8b73}</UniqueIdentifier>
    </Filter>
    <Filter Include="Source Files\Rendering">
      <UniqueIdentifier>{85e74455-4a57-42e9-b111-40779270da80}</UniqueIdentifier>
    </Filter>
    <Filter Include="Header Files\Events">
      <UniqueIdentifier>{b9353b5b-1726-4b65-9b76-593c34a21971}</UniqueIdentifier>
    </Filter>
    <Filter Include="Source Files\Events">
      <UniqueIdentifier>{ece808c0-b832-435b-958e-3cf46d5fecbf}</UniqueIdentifier>
    </Filter>
    <Filter Include="Header Files\Components\Base">
      <UniqueIdentifier>{d8735028-3640-4f3e-b2ea-e558670fbec4}</UniqueIdentifier>
    </Filter>
    <Filter Include="Header Files\Rendering\Shaders">
      <UniqueIdentifier>{bbea58ba-7e19-4f43-85e6-cb5c33282541}</UniqueIdentifier>
    </Filter>
    <Filter Include="Source Files\Rendering\Shaders">
      <UniqueIdentifier>{ef2b9fe1-0d95-4562-a637-a4dd4abf36d5}</UniqueIdentifier>
    </Filter>
    <Filter Include="Source Files\Components\Base">
      <UniqueIdentifier>{d08c12c4-e8eb-434a-aac0-0c039c9ef8d7}</UniqueIdentifier>
    </Filter>
    <Filter Include="Header Files\Attacks">
      <UniqueIdentifier>{bc832616-c99d-4a92-8ef9-da542999dd8b}</UniqueIdentifier>
    </Filter>
    <Filter Include="Source Files\Attacks">
      <UniqueIdentifier>{c9ac6b1c-e652-47cf-97bd-8f4d7f77f894}</UniqueIdentifier>
    </Filter>
    <Filter Include="Header Files\Components\Agent">
      <UniqueIdentifier>{1db286d9-5d02-469b-99ed-660eb205b04b}</UniqueIdentifier>
    </Filter>
    <Filter Include="Source Files\Components\Agent">
      <UniqueIdentifier>{78a3f263-653d-4465-a751-b9d1117b5176}</UniqueIdentifier>
    </Filter>
    <Filter Include="External Libraries\Lua">
      <UniqueIdentifier>{770c556a-11ad-4d6e-8bdd-5243bd67883a}</UniqueIdentifier>
    </Filter>
    <Filter Include="External Libraries\Lua\LuaBridge">
      <UniqueIdentifier>{3aba700d-6ffa-450c-9c8b-1fb1473a5ffb}</UniqueIdentifier>
    </Filter>
  </ItemGroup>
  <ItemGroup>
    <ClCompile Include="Source\Math\Vector3D.cpp">
      <Filter>Source Files\Math\Vector</Filter>
    </ClCompile>
    <ClCompile Include="Source\Math\Vector2D.cpp">
      <Filter>Source Files\Math\Vector</Filter>
    </ClCompile>
    <ClCompile Include="Source\Math\Matrix4x4.cpp">
      <Filter>Source Files\Math\Matrix</Filter>
    </ClCompile>
    <ClCompile Include="Source\Math\Matrix2x2.cpp">
      <Filter>Source Files\Math\Matrix</Filter>
    </ClCompile>
    <ClCompile Include="Source\Math\Matrix3x3.cpp">
      <Filter>Source Files\Math\Matrix</Filter>
    </ClCompile>
    <ClCompile Include="Source\Math\LineSegment2D.cpp">
      <Filter>Source Files\Math</Filter>
    </ClCompile>
    <ClCompile Include="Source\JsonReader.cpp">
      <Filter>Source Files\Utility</Filter>
    </ClCompile>
    <ClCompile Include="Source\FrameRateManager.cpp">
      <Filter>Source Files\Managers</Filter>
    </ClCompile>
    <ClCompile Include="Source\GameObjectManager.cpp">
      <Filter>Source Files\Managers</Filter>
    </ClCompile>
    <ClCompile Include="Source\InputManager.cpp">
      <Filter>Source Files\Managers</Filter>
    </ClCompile>
    <ClCompile Include="Source\RenderManager.cpp">
      <Filter>Source Files\Managers</Filter>
    </ClCompile>
    <ClCompile Include="Source\ResourceManager.cpp">
      <Filter>Source Files\Managers</Filter>
    </ClCompile>
    <ClCompile Include="Source\main.cpp">
      <Filter>Source Files</Filter>
    </ClCompile>
    <ClCompile Include="Source\Shader.cpp">
      <Filter>Source Files\Rendering\Shaders</Filter>
    </ClCompile>
    <ClCompile Include="Source\ShaderProgram.cpp">
      <Filter>Source Files\Rendering\Shaders</Filter>
    </ClCompile>
    <ClCompile Include="Source\GameStateManager.cpp">
      <Filter>Source Files\Managers</Filter>
    </ClCompile>
    <ClCompile Include="Source\LevelManager.cpp">
      <Filter>Source Files\Managers</Filter>
    </ClCompile>
    <ClCompile Include="Source\DebugManager.cpp">
      <Filter>Source Files\Managers</Filter>
    </ClCompile>
    <ClCompile Include="Source\PhysicsManager.cpp">
      <Filter>Source Files\Managers</Filter>
    </ClCompile>
    <ClCompile Include="Source\Math\Collisions.cpp">
      <Filter>Source Files\Math</Filter>
    </ClCompile>
    <ClCompile Include="Source\DebugLineMesh.cpp">
      <Filter>Source Files\Rendering</Filter>
    </ClCompile>
    <ClCompile Include="Source\Mesh.cpp">
      <Filter>Source Files\Rendering</Filter>
    </ClCompile>
    <ClCompile Include="Source\EventManager.cpp">
      <Filter>Source Files\Managers</Filter>
    </ClCompile>
    <ClCompile Include="Source\SubscriberTracker.cpp">
      <Filter>Source Files\Events</Filter>
    </ClCompile>
    <ClCompile Include="Source\Subscriber.cpp">
      <Filter>Source Files\Events</Filter>
    </ClCompile>
    <ClCompile Include="Source\Event.cpp">
      <Filter>Source Files\Events</Filter>
    </ClCompile>
    <ClCompile Include="Source\TetraiderAPI.cpp">
      <Filter>Source Files</Filter>
    </ClCompile>
    <ClCompile Include="Source\Math\MathFunctions.cpp">
      <Filter>Source Files\Math</Filter>
    </ClCompile>
    <ClCompile Include="Source\GameConfig.cpp">
      <Filter>Source Files\Managers</Filter>
    </ClCompile>
    <ClCompile Include="Source\CamFollow.cpp">
      <Filter>Source Files\Components</Filter>
    </ClCompile>
    <ClCompile Include="Source\Animation.cpp">
      <Filter>Source Files\Components</Filter>
    </ClCompile>
    <ClCompile Include="Source\Body.cpp">
      <Filter>Source Files\Components</Filter>
    </ClCompile>
    <ClCompile Include="Source\Camera.cpp">
      <Filter>Source Files\Components</Filter>
    </ClCompile>
    <ClCompile Include="Source\Transform.cpp">
      <Filter>Source Files\Components</Filter>
    </ClCompile>
    <ClCompile Include="Source\FlashOnTakeDamage.cpp">
      <Filter>Source Files\Components</Filter>
    </ClCompile>
    <ClCompile Include="Source\Health.cpp">
      <Filter>Source Files\Components</Filter>
    </ClCompile>
    <ClCompile Include="Source\Sprite.cpp">
      <Filter>Source Files\Components</Filter>
    </ClCompile>
    <ClCompile Include="Source\ComponentFactory.cpp">
      <Filter>Source Files\Components\Base</Filter>
    </ClCompile>
    <ClCompile Include="Source\GameObject.cpp">
      <Filter>Source Files\Components\Base</Filter>
    </ClCompile>
    <ClCompile Include="Source\AudioManager.cpp">
      <Filter>Source Files\Managers</Filter>
    </ClCompile>
    <ClCompile Include="Source\Attack.cpp">
      <Filter>Source Files\Attacks</Filter>
    </ClCompile>
    <ClCompile Include="Source\MeleeAttack.cpp">
      <Filter>Source Files\Attacks</Filter>
    </ClCompile>
    <ClCompile Include="Source\RangeAttack.cpp">
      <Filter>Source Files\Attacks</Filter>
    </ClCompile>
    <ClCompile Include="Source\Projectile.cpp">
      <Filter>Source Files\Components</Filter>
    </ClCompile>
    <ClCompile Include="Source\Weapon.cpp">
      <Filter>Source Files\Components</Filter>
    </ClCompile>
    <ClCompile Include="Source\Audio.cpp">
      <Filter>Source Files\Components</Filter>
    </ClCompile>
    <ClCompile Include="Source\ParticleEmitter.cpp">
      <Filter>Source Files\Components</Filter>
    </ClCompile>
    <ClCompile Include="Source\Agent.cpp">
      <Filter>Source Files\Components\Agent</Filter>
    </ClCompile>
    <ClCompile Include="Source\MemoryManager.cpp">
      <Filter>Source Files\Managers</Filter>
    </ClCompile>
    <ClCompile Include="Source\DestroyOnHealthZero.cpp">
      <Filter>Source Files\Components</Filter>
    </ClCompile>
    <ClCompile Include="Source\Controller.cpp">
      <Filter>Source Files\Components</Filter>
    </ClCompile>
    <ClCompile Include="Source\NPCController.cpp">
      <Filter>Source Files\Components</Filter>
    </ClCompile>
    <ClCompile Include="Source\FloorPlanGenerator.cpp">
      <Filter>Source Files</Filter>
    </ClCompile>
    <ClCompile Include="Source\DealDamageOnCollision.cpp">
      <Filter>Source Files\Components</Filter>
    </ClCompile>
    <ClCompile Include="Source\AOEAttack.cpp">
      <Filter>Source Files\Attacks</Filter>
    </ClCompile>
    <ClCompile Include="Source\External\Lua\lapi.c">
      <Filter>External Libraries\Lua</Filter>
    </ClCompile>
    <ClCompile Include="Source\External\Lua\lauxlib.c">
      <Filter>External Libraries\Lua</Filter>
    </ClCompile>
    <ClCompile Include="Source\External\Lua\lbaselib.c">
      <Filter>External Libraries\Lua</Filter>
    </ClCompile>
    <ClCompile Include="Source\External\Lua\lbitlib.c">
      <Filter>External Libraries\Lua</Filter>
    </ClCompile>
    <ClCompile Include="Source\External\Lua\lcode.c">
      <Filter>External Libraries\Lua</Filter>
    </ClCompile>
    <ClCompile Include="Source\External\Lua\lcorolib.c">
      <Filter>External Libraries\Lua</Filter>
    </ClCompile>
    <ClCompile Include="Source\External\Lua\lctype.c">
      <Filter>External Libraries\Lua</Filter>
    </ClCompile>
    <ClCompile Include="Source\External\Lua\ldblib.c">
      <Filter>External Libraries\Lua</Filter>
    </ClCompile>
    <ClCompile Include="Source\External\Lua\ldebug.c">
      <Filter>External Libraries\Lua</Filter>
    </ClCompile>
    <ClCompile Include="Source\External\Lua\ldo.c">
      <Filter>External Libraries\Lua</Filter>
    </ClCompile>
    <ClCompile Include="Source\External\Lua\ldump.c">
      <Filter>External Libraries\Lua</Filter>
    </ClCompile>
    <ClCompile Include="Source\External\Lua\lfunc.c">
      <Filter>External Libraries\Lua</Filter>
    </ClCompile>
    <ClCompile Include="Source\External\Lua\lgc.c">
      <Filter>External Libraries\Lua</Filter>
    </ClCompile>
    <ClCompile Include="Source\External\Lua\linit.c">
      <Filter>External Libraries\Lua</Filter>
    </ClCompile>
    <ClCompile Include="Source\External\Lua\liolib.c">
      <Filter>External Libraries\Lua</Filter>
    </ClCompile>
    <ClCompile Include="Source\External\Lua\llex.c">
      <Filter>External Libraries\Lua</Filter>
    </ClCompile>
    <ClCompile Include="Source\External\Lua\lmathlib.c">
      <Filter>External Libraries\Lua</Filter>
    </ClCompile>
    <ClCompile Include="Source\External\Lua\lmem.c">
      <Filter>External Libraries\Lua</Filter>
    </ClCompile>
    <ClCompile Include="Source\External\Lua\loadlib.c">
      <Filter>External Libraries\Lua</Filter>
    </ClCompile>
    <ClCompile Include="Source\External\Lua\lobject.c">
      <Filter>External Libraries\Lua</Filter>
    </ClCompile>
    <ClCompile Include="Source\External\Lua\lopcodes.c">
      <Filter>External Libraries\Lua</Filter>
    </ClCompile>
    <ClCompile Include="Source\External\Lua\loslib.c">
      <Filter>External Libraries\Lua</Filter>
    </ClCompile>
    <ClCompile Include="Source\External\Lua\lparser.c">
      <Filter>External Libraries\Lua</Filter>
    </ClCompile>
    <ClCompile Include="Source\External\Lua\lstate.c">
      <Filter>External Libraries\Lua</Filter>
    </ClCompile>
    <ClCompile Include="Source\External\Lua\lstring.c">
      <Filter>External Libraries\Lua</Filter>
    </ClCompile>
    <ClCompile Include="Source\External\Lua\lstrlib.c">
      <Filter>External Libraries\Lua</Filter>
    </ClCompile>
    <ClCompile Include="Source\External\Lua\ltable.c">
      <Filter>External Libraries\Lua</Filter>
    </ClCompile>
    <ClCompile Include="Source\External\Lua\ltablib.c">
      <Filter>External Libraries\Lua</Filter>
    </ClCompile>
    <ClCompile Include="Source\External\Lua\ltm.c">
      <Filter>External Libraries\Lua</Filter>
    </ClCompile>
    <ClCompile Include="Source\External\Lua\lundump.c">
      <Filter>External Libraries\Lua</Filter>
    </ClCompile>
    <ClCompile Include="Source\External\Lua\lutf8lib.c">
      <Filter>External Libraries\Lua</Filter>
    </ClCompile>
    <ClCompile Include="Source\External\Lua\lvm.c">
      <Filter>External Libraries\Lua</Filter>
    </ClCompile>
    <ClCompile Include="Source\External\Lua\lzio.c">
      <Filter>External Libraries\Lua</Filter>
    </ClCompile>
    <ClCompile Include="Source\LuaScript.cpp">
      <Filter>Source Files\Managers</Filter>
    </ClCompile>
  </ItemGroup>
  <ItemGroup>
    <ClInclude Include="Source\Math\Vector3D.h">
      <Filter>Header Files\Math\Vector</Filter>
    </ClInclude>
    <ClInclude Include="Source\Math\Vector2D.h">
      <Filter>Header Files\Math\Vector</Filter>
    </ClInclude>
    <ClInclude Include="Source\Math\Matrix4x4.h">
      <Filter>Header Files\Math\Matrix</Filter>
    </ClInclude>
    <ClInclude Include="Source\Math\Matrix2x2.h">
      <Filter>Header Files\Math\Matrix</Filter>
    </ClInclude>
    <ClInclude Include="Source\Math\Matrix3x3.h">
      <Filter>Header Files\Math\Matrix</Filter>
    </ClInclude>
    <ClInclude Include="Source\Math\LineSegment2D.h">
      <Filter>Header Files\Math</Filter>
    </ClInclude>
    <ClInclude Include="Source\Math\MathDefs.h">
      <Filter>Header Files\Math</Filter>
    </ClInclude>
    <ClInclude Include="Source\FrameRateManager.h">
      <Filter>Header Files\Managers</Filter>
    </ClInclude>
    <ClInclude Include="Source\GameObjectManager.h">
      <Filter>Header Files\Managers</Filter>
    </ClInclude>
    <ClInclude Include="Source\InputManager.h">
      <Filter>Header Files\Managers</Filter>
    </ClInclude>
    <ClInclude Include="Source\RenderManager.h">
      <Filter>Header Files\Managers</Filter>
    </ClInclude>
    <ClInclude Include="Source\ResourceManager.h">
      <Filter>Header Files\Managers</Filter>
    </ClInclude>
    <ClInclude Include="Source\JsonReader.h">
      <Filter>Header Files\Utility</Filter>
    </ClInclude>
    <ClInclude Include="Source\External\json.hpp">
      <Filter>External Libraries</Filter>
    </ClInclude>
    <ClInclude Include="Source\ShaderProgram.h">
      <Filter>Header Files\Rendering\Shaders</Filter>
    </ClInclude>
    <ClInclude Include="Source\Shader.h">
      <Filter>Header Files\Rendering\Shaders</Filter>
    </ClInclude>
    <ClInclude Include="Source\GameStateManager.h">
      <Filter>Header Files\Managers</Filter>
    </ClInclude>
    <ClInclude Include="Source\Transform.h">
      <Filter>Header Files\Components</Filter>
    </ClInclude>
    <ClInclude Include="Source\LevelManager.h">
      <Filter>Header Files\Managers</Filter>
    </ClInclude>
    <ClInclude Include="Source\Sprite.h">
      <Filter>Header Files\Components</Filter>
    </ClInclude>
    <ClInclude Include="Source\DebugManager.h">
      <Filter>Header Files\Managers</Filter>
    </ClInclude>
    <ClInclude Include="Source\Camera.h">
      <Filter>Header Files\Components</Filter>
    </ClInclude>
    <ClInclude Include="Source\Animation.h">
      <Filter>Header Files\Components</Filter>
    </ClInclude>
    <ClInclude Include="Source\Body.h">
      <Filter>Header Files\Components</Filter>
    </ClInclude>
    <ClInclude Include="Source\PhysicsManager.h">
      <Filter>Header Files\Managers</Filter>
    </ClInclude>
    <ClInclude Include="Source\Shape.h">
      <Filter>Header Files</Filter>
    </ClInclude>
    <ClInclude Include="Source\Math\Collisions.h">
      <Filter>Header Files\Math</Filter>
    </ClInclude>
    <ClInclude Include="Source\DebugLineMesh.h">
      <Filter>Header Files\Rendering</Filter>
    </ClInclude>
    <ClInclude Include="Source\Mesh.h">
      <Filter>Header Files\Rendering</Filter>
    </ClInclude>
    <ClInclude Include="Source\SubscriberTracker.h">
      <Filter>Header Files\Events</Filter>
    </ClInclude>
    <ClInclude Include="Source\Subscriber.h">
      <Filter>Header Files\Events</Filter>
    </ClInclude>
    <ClInclude Include="Source\Event.h">
      <Filter>Header Files\Events</Filter>
    </ClInclude>
    <ClInclude Include="Source\EventManager.h">
      <Filter>Header Files\Managers</Filter>
    </ClInclude>
    <ClInclude Include="Source\EventNames.h">
      <Filter>Header Files\Events</Filter>
    </ClInclude>
    <ClInclude Include="Source\TetraiderAPI.h">
      <Filter>Header Files</Filter>
    </ClInclude>
    <ClInclude Include="Source\CamFollow.h">
      <Filter>Header Files\Components</Filter>
    </ClInclude>
    <ClInclude Include="Source\FlashOnTakeDamage.h">
      <Filter>Header Files\Components</Filter>
    </ClInclude>
    <ClInclude Include="Source\Health.h">
      <Filter>Header Files\Components</Filter>
    </ClInclude>
    <ClInclude Include="Source\Math\MathFunctions.h">
      <Filter>Header Files\Math</Filter>
    </ClInclude>
    <ClInclude Include="Source\GameConfig.h">
      <Filter>Header Files\Managers</Filter>
    </ClInclude>
    <ClInclude Include="Source\Component.h">
      <Filter>Header Files\Components\Base</Filter>
    </ClInclude>
    <ClInclude Include="Source\ComponentTypes.h">
      <Filter>Header Files\Components\Base</Filter>
    </ClInclude>
    <ClInclude Include="Source\TagNames.h">
      <Filter>Header Files\Components\Base</Filter>
    </ClInclude>
    <ClInclude Include="Source\GameObjectTags.h">
      <Filter>Header Files\Components\Base</Filter>
    </ClInclude>
    <ClInclude Include="Source\GameObject.h">
      <Filter>Header Files\Components\Base</Filter>
    </ClInclude>
    <ClInclude Include="Source\ComponentFactory.h">
      <Filter>Header Files\Components\Base</Filter>
    </ClInclude>
    <ClInclude Include="Source\Math\MathLibs.h">
      <Filter>Header Files\Math</Filter>
    </ClInclude>
    <ClInclude Include="Source\Singleton.h">
      <Filter>Header Files\Utility</Filter>
    </ClInclude>
    <ClInclude Include="Source\ComponentTypesNames.h">
      <Filter>Header Files\Components\Base</Filter>
    </ClInclude>
    <ClInclude Include="Source\Sorting.h">
      <Filter>Header Files\Utility</Filter>
    </ClInclude>
    <ClInclude Include="Source\Projectile.h">
      <Filter>Header Files\Components</Filter>
    </ClInclude>
    <ClInclude Include="Source\RangeAttack.h">
      <Filter>Header Files\Attacks</Filter>
    </ClInclude>
    <ClInclude Include="Source\MeleeAttack.h">
      <Filter>Header Files\Attacks</Filter>
    </ClInclude>
    <ClInclude Include="Source\Attack.h">
      <Filter>Header Files\Attacks</Filter>
    </ClInclude>
    <ClInclude Include="Source\AudioManager.h">
      <Filter>Header Files\Managers</Filter>
    </ClInclude>
    <ClInclude Include="Source\MemoryManager.h">
      <Filter>Header Files\Managers</Filter>
    </ClInclude>
    <ClInclude Include="Source\Weapon.h">
      <Filter>Header Files\Components</Filter>
    </ClInclude>
    <ClInclude Include="Source\Layers.h">
      <Filter>Header Files\Utility</Filter>
    </ClInclude>
    <ClInclude Include="Source\Audio.h">
      <Filter>Header Files\Components</Filter>
    </ClInclude>
    <ClInclude Include="Source\ParticleEmitter.h">
      <Filter>Header Files\Components</Filter>
    </ClInclude>
    <ClInclude Include="Source\Agent.h">
      <Filter>Header Files\Components\Agent</Filter>
    </ClInclude>
    <ClInclude Include="Source\MemoryManager.h">
      <Filter>Header Files\Managers</Filter>
    </ClInclude>
    <ClInclude Include="Source\DestroyOnHealthZero.h">
      <Filter>Header Files\Components</Filter>
    </ClInclude>
    <ClInclude Include="Source\SurfaceTextureBuffer.h">
      <Filter>Header Files\Rendering</Filter>
    </ClInclude>
    <ClInclude Include="Source\FloorPlanGenerator.h">
      <Filter>Header Files</Filter>
    </ClInclude>
    <ClInclude Include="Source\DealDamageOnCollision.h">
      <Filter>Header Files\Components</Filter>
    </ClInclude>
    <ClInclude Include="Source\AOEAttack.h">
      <Filter>Header Files\Attacks</Filter>
    </ClInclude>
    <ClInclude Include="Source\External\Lua\lapi.h">
      <Filter>External Libraries\Lua</Filter>
    </ClInclude>
    <ClInclude Include="Source\External\Lua\lauxlib.h">
      <Filter>External Libraries\Lua</Filter>
    </ClInclude>
    <ClInclude Include="Source\External\Lua\lcode.h">
      <Filter>External Libraries\Lua</Filter>
    </ClInclude>
    <ClInclude Include="Source\External\Lua\lctype.h">
      <Filter>External Libraries\Lua</Filter>
    </ClInclude>
    <ClInclude Include="Source\External\Lua\ldebug.h">
      <Filter>External Libraries\Lua</Filter>
    </ClInclude>
    <ClInclude Include="Source\External\Lua\ldo.h">
      <Filter>External Libraries\Lua</Filter>
    </ClInclude>
    <ClInclude Include="Source\External\Lua\lfunc.h">
      <Filter>External Libraries\Lua</Filter>
    </ClInclude>
    <ClInclude Include="Source\External\Lua\lgc.h">
      <Filter>External Libraries\Lua</Filter>
    </ClInclude>
    <ClInclude Include="Source\External\Lua\llex.h">
      <Filter>External Libraries\Lua</Filter>
    </ClInclude>
    <ClInclude Include="Source\External\Lua\llimits.h">
      <Filter>External Libraries\Lua</Filter>
    </ClInclude>
    <ClInclude Include="Source\External\Lua\lmem.h">
      <Filter>External Libraries\Lua</Filter>
    </ClInclude>
    <ClInclude Include="Source\External\Lua\lobject.h">
      <Filter>External Libraries\Lua</Filter>
    </ClInclude>
    <ClInclude Include="Source\External\Lua\lopcodes.h">
      <Filter>External Libraries\Lua</Filter>
    </ClInclude>
    <ClInclude Include="Source\External\Lua\lparser.h">
      <Filter>External Libraries\Lua</Filter>
    </ClInclude>
    <ClInclude Include="Source\External\Lua\lprefix.h">
      <Filter>External Libraries\Lua</Filter>
    </ClInclude>
    <ClInclude Include="Source\External\Lua\lstate.h">
      <Filter>External Libraries\Lua</Filter>
    </ClInclude>
    <ClInclude Include="Source\External\Lua\lstring.h">
      <Filter>External Libraries\Lua</Filter>
    </ClInclude>
    <ClInclude Include="Source\External\Lua\ltable.h">
      <Filter>External Libraries\Lua</Filter>
    </ClInclude>
    <ClInclude Include="Source\External\Lua\ltm.h">
      <Filter>External Libraries\Lua</Filter>
    </ClInclude>
    <ClInclude Include="Source\External\Lua\lua.h">
      <Filter>External Libraries\Lua</Filter>
    </ClInclude>
    <ClInclude Include="Source\External\Lua\lua.hpp">
      <Filter>External Libraries\Lua</Filter>
    </ClInclude>
    <ClInclude Include="Source\External\Lua\luaconf.h">
      <Filter>External Libraries\Lua</Filter>
    </ClInclude>
    <ClInclude Include="Source\External\Lua\lualib.h">
      <Filter>External Libraries\Lua</Filter>
    </ClInclude>
    <ClInclude Include="Source\External\Lua\lundump.h">
      <Filter>External Libraries\Lua</Filter>
    </ClInclude>
    <ClInclude Include="Source\External\Lua\lvm.h">
      <Filter>External Libraries\Lua</Filter>
    </ClInclude>
    <ClInclude Include="Source\External\Lua\lzio.h">
      <Filter>External Libraries\Lua</Filter>
    </ClInclude>
    <ClInclude Include="Source\External\Lua\LuaBridge\LuaBridge.h">
      <Filter>External Libraries\Lua\LuaBridge</Filter>
    </ClInclude>
    <ClInclude Include="Source\External\Lua\LuaBridge\RefCountedObject.h">
      <Filter>External Libraries\Lua\LuaBridge</Filter>
    </ClInclude>
    <ClInclude Include="Source\External\Lua\LuaBridge\RefCountedPtr.h">
      <Filter>External Libraries\Lua\LuaBridge</Filter>
    </ClInclude>
    <ClInclude Include="Source\External\Lua\LuaBridge\detail\CFunctions.h">
      <Filter>External Libraries\Lua\LuaBridge</Filter>
    </ClInclude>
    <ClInclude Include="Source\External\Lua\LuaBridge\detail\ClassInfo.h">
      <Filter>External Libraries\Lua\LuaBridge</Filter>
    </ClInclude>
    <ClInclude Include="Source\External\Lua\LuaBridge\detail\Constructor.h">
      <Filter>External Libraries\Lua\LuaBridge</Filter>
    </ClInclude>
    <ClInclude Include="Source\External\Lua\LuaBridge\detail\dump.h">
      <Filter>External Libraries\Lua\LuaBridge</Filter>
    </ClInclude>
    <ClInclude Include="Source\External\Lua\LuaBridge\detail\FuncTraits.h">
      <Filter>External Libraries\Lua\LuaBridge</Filter>
    </ClInclude>
    <ClInclude Include="Source\External\Lua\LuaBridge\detail\Iterator.h">
      <Filter>External Libraries\Lua\LuaBridge</Filter>
    </ClInclude>
    <ClInclude Include="Source\External\Lua\LuaBridge\detail\LuaException.h">
      <Filter>External Libraries\Lua\LuaBridge</Filter>
    </ClInclude>
    <ClInclude Include="Source\External\Lua\LuaBridge\detail\LuaHelpers.h">
      <Filter>External Libraries\Lua\LuaBridge</Filter>
    </ClInclude>
    <ClInclude Include="Source\External\Lua\LuaBridge\detail\LuaRef.h">
      <Filter>External Libraries\Lua\LuaBridge</Filter>
    </ClInclude>
    <ClInclude Include="Source\External\Lua\LuaBridge\detail\Namespace.h">
      <Filter>External Libraries\Lua\LuaBridge</Filter>
    </ClInclude>
    <ClInclude Include="Source\External\Lua\LuaBridge\detail\Stack.h">
      <Filter>External Libraries\Lua\LuaBridge</Filter>
    </ClInclude>
    <ClInclude Include="Source\External\Lua\LuaBridge\detail\TypeList.h">
      <Filter>External Libraries\Lua\LuaBridge</Filter>
    </ClInclude>
    <ClInclude Include="Source\External\Lua\LuaBridge\detail\TypeTraits.h">
      <Filter>External Libraries\Lua\LuaBridge</Filter>
    </ClInclude>
    <ClInclude Include="Source\External\Lua\LuaBridge\detail\Userdata.h">
      <Filter>External Libraries\Lua\LuaBridge</Filter>
    </ClInclude>
    <ClInclude Include="Source\LuaScript.h">
      <Filter>Header Files\Managers</Filter>
    </ClInclude>
    <ClInclude Include="Source\Controller.h">
      <Filter>Header Files\Components</Filter>
    </ClInclude>
    <ClInclude Include="Source\NPCController.h">
      <Filter>Header Files\Components</Filter>
    </ClInclude>
  </ItemGroup>
</Project>